// !$*UTF8*$!
{
	archiveVersion = 1;
	classes = {
	};
	objectVersion = 50;
	objects = {

/* Begin PBXBuildFile section */
		360703DB21A1F44B00B92E5C /* MovieListContracts.swift in Sources */ = {isa = PBXBuildFile; fileRef = 360703DA21A1F44B00B92E5C /* MovieListContracts.swift */; };
		360703DD21A1F4FA00B92E5C /* MovieList.storyboard in Resources */ = {isa = PBXBuildFile; fileRef = 360703DC21A1F4FA00B92E5C /* MovieList.storyboard */; };
		360703DF21A1F55B00B92E5C /* MovieListView.swift in Sources */ = {isa = PBXBuildFile; fileRef = 360703DE21A1F55B00B92E5C /* MovieListView.swift */; };
		360703E121A1F65300B92E5C /* MovieListViewController.swift in Sources */ = {isa = PBXBuildFile; fileRef = 360703E021A1F65300B92E5C /* MovieListViewController.swift */; };
		360703E321A1F7BA00B92E5C /* MoviePresentation.swift in Sources */ = {isa = PBXBuildFile; fileRef = 360703E221A1F7BA00B92E5C /* MoviePresentation.swift */; };
		360703E521A1F87800B92E5C /* AppContainer.swift in Sources */ = {isa = PBXBuildFile; fileRef = 360703E421A1F87700B92E5C /* AppContainer.swift */; };
		360703E721A1F88E00B92E5C /* AppRouter.swift in Sources */ = {isa = PBXBuildFile; fileRef = 360703E621A1F88E00B92E5C /* AppRouter.swift */; };
		360703E921A1F96800B92E5C /* MovieListBuilder.swift in Sources */ = {isa = PBXBuildFile; fileRef = 360703E821A1F96800B92E5C /* MovieListBuilder.swift */; };
		360703F021A1FB5600B92E5C /* MovieDetailView.swift in Sources */ = {isa = PBXBuildFile; fileRef = 360703EB21A1FB5600B92E5C /* MovieDetailView.swift */; };
		360703F121A1FB5600B92E5C /* MovieDetailBuilder.swift in Sources */ = {isa = PBXBuildFile; fileRef = 360703EC21A1FB5600B92E5C /* MovieDetailBuilder.swift */; };
		360703F221A1FB5600B92E5C /* MovieDetail.storyboard in Resources */ = {isa = PBXBuildFile; fileRef = 360703ED21A1FB5600B92E5C /* MovieDetail.storyboard */; };
		360703F321A1FB5600B92E5C /* MovieDetailContracts.swift in Sources */ = {isa = PBXBuildFile; fileRef = 360703EE21A1FB5600B92E5C /* MovieDetailContracts.swift */; };
		360703F421A1FB5600B92E5C /* MovieDetailViewController.swift in Sources */ = {isa = PBXBuildFile; fileRef = 360703EF21A1FB5600B92E5C /* MovieDetailViewController.swift */; };
		360703F621A1FB8600B92E5C /* MovieDetailPresentation.swift in Sources */ = {isa = PBXBuildFile; fileRef = 360703F521A1FB8600B92E5C /* MovieDetailPresentation.swift */; };
		3635F0252184FD3100D9215B /* AppDelegate.swift in Sources */ = {isa = PBXBuildFile; fileRef = 3635F0242184FD3100D9215B /* AppDelegate.swift */; };
		3635F02C2184FD3300D9215B /* Assets.xcassets in Resources */ = {isa = PBXBuildFile; fileRef = 3635F02B2184FD3300D9215B /* Assets.xcassets */; };
		3635F02F2184FD3300D9215B /* LaunchScreen.storyboard in Resources */ = {isa = PBXBuildFile; fileRef = 3635F02D2184FD3300D9215B /* LaunchScreen.storyboard */; };
		3635F0672184FF2300D9215B /* MovieBoxAPI.framework in Frameworks */ = {isa = PBXBuildFile; fileRef = 3635F0632184FF1700D9215B /* MovieBoxAPI.framework */; };
		3635F06E218502AC00D9215B /* MovieBoxAPI.framework in Embed Frameworks */ = {isa = PBXBuildFile; fileRef = 3635F0632184FF1700D9215B /* MovieBoxAPI.framework */; settings = {ATTRIBUTES = (CodeSignOnCopy, RemoveHeadersOnCopy, ); }; };
		3670D54221A1E5CA00474AF7 /* Utility.framework in Frameworks */ = {isa = PBXBuildFile; fileRef = 3670D53F21A1E5C300474AF7 /* Utility.framework */; };
		3670D54321A1E5CA00474AF7 /* Utility.framework in Embed Frameworks */ = {isa = PBXBuildFile; fileRef = 3670D53F21A1E5C300474AF7 /* Utility.framework */; settings = {ATTRIBUTES = (CodeSignOnCopy, RemoveHeadersOnCopy, ); }; };
		3670D55521A1E81600474AF7 /* MovieBoxMVCTests.swift in Sources */ = {isa = PBXBuildFile; fileRef = 3670D55421A1E81600474AF7 /* MovieBoxMVCTests.swift */; };
		3670D56321A1E88D00474AF7 /* movie1.json in Resources */ = {isa = PBXBuildFile; fileRef = 3670D55F21A1E87B00474AF7 /* movie1.json */; };
		3670D56421A1E88E00474AF7 /* movie2.json in Resources */ = {isa = PBXBuildFile; fileRef = 3670D56021A1E87B00474AF7 /* movie2.json */; };
		3670D56521A1E88E00474AF7 /* movie3.json in Resources */ = {isa = PBXBuildFile; fileRef = 3670D56121A1E87B00474AF7 /* movie3.json */; };
		3670D56621A1E88E00474AF7 /* ResourceLoader.swift in Sources */ = {isa = PBXBuildFile; fileRef = 3670D56221A1E87B00474AF7 /* ResourceLoader.swift */; };
		36C25D5821B2B7B300A30C1B /* AppDelegate.swift in Sources */ = {isa = PBXBuildFile; fileRef = 36C25D5721B2B7B300A30C1B /* AppDelegate.swift */; };
		36C25D5F21B2B7B300A30C1B /* Assets.xcassets in Resources */ = {isa = PBXBuildFile; fileRef = 36C25D5E21B2B7B300A30C1B /* Assets.xcassets */; };
		36C25D6221B2B7B300A30C1B /* LaunchScreen.storyboard in Resources */ = {isa = PBXBuildFile; fileRef = 36C25D6021B2B7B300A30C1B /* LaunchScreen.storyboard */; };
		36C25D6D21B2B7B400A30C1B /* MovieBoxVIPERTests.swift in Sources */ = {isa = PBXBuildFile; fileRef = 36C25D6C21B2B7B400A30C1B /* MovieBoxVIPERTests.swift */; };
		36C25D7B21B2B82C00A30C1B /* AppContainer.swift in Sources */ = {isa = PBXBuildFile; fileRef = 36C25D7A21B2B82C00A30C1B /* AppContainer.swift */; };
		36C25D7D21B2B83C00A30C1B /* AppRouter.swift in Sources */ = {isa = PBXBuildFile; fileRef = 36C25D7C21B2B83C00A30C1B /* AppRouter.swift */; };
		36C25D7E21B2B91600A30C1B /* MovieBoxAPI.framework in Frameworks */ = {isa = PBXBuildFile; fileRef = 3635F0632184FF1700D9215B /* MovieBoxAPI.framework */; };
		36C25D7F21B2B91600A30C1B /* MovieBoxAPI.framework in Embed Frameworks */ = {isa = PBXBuildFile; fileRef = 3635F0632184FF1700D9215B /* MovieBoxAPI.framework */; settings = {ATTRIBUTES = (CodeSignOnCopy, RemoveHeadersOnCopy, ); }; };
		36C25D8221B2B91600A30C1B /* Utility.framework in Frameworks */ = {isa = PBXBuildFile; fileRef = 3670D53F21A1E5C300474AF7 /* Utility.framework */; };
		36C25D8321B2B91600A30C1B /* Utility.framework in Embed Frameworks */ = {isa = PBXBuildFile; fileRef = 3670D53F21A1E5C300474AF7 /* Utility.framework */; settings = {ATTRIBUTES = (CodeSignOnCopy, RemoveHeadersOnCopy, ); }; };
		36C25D8821B2BA2800A30C1B /* MoviePresentation+API.swift in Sources */ = {isa = PBXBuildFile; fileRef = 62A2A67421A9EE5C007F821B /* MoviePresentation+API.swift */; };
		36C25D8921B2BA2800A30C1B /* MovieDetailPresentation+API.swift in Sources */ = {isa = PBXBuildFile; fileRef = 62A2A67721A9EE7E007F821B /* MovieDetailPresentation+API.swift */; };
		36C25D8A21B2BA2800A30C1B /* MoviePresentation.swift in Sources */ = {isa = PBXBuildFile; fileRef = 360703E221A1F7BA00B92E5C /* MoviePresentation.swift */; };
		36C25D8B21B2BA2800A30C1B /* MovieDetailPresentation.swift in Sources */ = {isa = PBXBuildFile; fileRef = 360703F521A1FB8600B92E5C /* MovieDetailPresentation.swift */; };
		36C25D8C21B2BA2D00A30C1B /* MockTopMoviesService.swift in Sources */ = {isa = PBXBuildFile; fileRef = 6236A4E021AA091D00BA91F6 /* MockTopMoviesService.swift */; };
		36C25D8D21B2BA3100A30C1B /* movie1.json in Resources */ = {isa = PBXBuildFile; fileRef = 3670D55F21A1E87B00474AF7 /* movie1.json */; };
		36C25D8E21B2BA3100A30C1B /* movie2.json in Resources */ = {isa = PBXBuildFile; fileRef = 3670D56021A1E87B00474AF7 /* movie2.json */; };
		36C25D8F21B2BA3100A30C1B /* movie3.json in Resources */ = {isa = PBXBuildFile; fileRef = 3670D56121A1E87B00474AF7 /* movie3.json */; };
		36C25D9021B2BA3400A30C1B /* ResourceLoader.swift in Sources */ = {isa = PBXBuildFile; fileRef = 3670D56221A1E87B00474AF7 /* ResourceLoader.swift */; };
		36C25D9421B2BB0500A30C1B /* MovieList.storyboard in Resources */ = {isa = PBXBuildFile; fileRef = 36C25D9321B2BAF600A30C1B /* MovieList.storyboard */; };
		36C25D9621B2BB0F00A30C1B /* MovieListViewController.swift in Sources */ = {isa = PBXBuildFile; fileRef = 36C25D9521B2BB0F00A30C1B /* MovieListViewController.swift */; };
		36C25D9821B2BB5700A30C1B /* MovieListBuilder.swift in Sources */ = {isa = PBXBuildFile; fileRef = 36C25D9721B2BB5700A30C1B /* MovieListBuilder.swift */; };
		36C25DDE21B45DDA00A30C1B /* MovieDetailBuilder.swift in Sources */ = {isa = PBXBuildFile; fileRef = 36C25DD721B45DDA00A30C1B /* MovieDetailBuilder.swift */; };
		36C25DDF21B45DDA00A30C1B /* MovieDetail.storyboard in Resources */ = {isa = PBXBuildFile; fileRef = 36C25DD821B45DDA00A30C1B /* MovieDetail.storyboard */; };
		36C25DE021B45DDA00A30C1B /* MovieDetailContracts.swift in Sources */ = {isa = PBXBuildFile; fileRef = 36C25DD921B45DDA00A30C1B /* MovieDetailContracts.swift */; };
		36C25DE121B45DDA00A30C1B /* MovieDetailViewController.swift in Sources */ = {isa = PBXBuildFile; fileRef = 36C25DDA21B45DDA00A30C1B /* MovieDetailViewController.swift */; };
		36C25DE221B45DDA00A30C1B /* MovieDetailPresenter.swift in Sources */ = {isa = PBXBuildFile; fileRef = 36C25DDB21B45DDA00A30C1B /* MovieDetailPresenter.swift */; };
		36C25DE421B45E0300A30C1B /* MovieListContracts.swift in Sources */ = {isa = PBXBuildFile; fileRef = 36C25DE321B45E0300A30C1B /* MovieListContracts.swift */; };
		36C25DE621B45E0C00A30C1B /* MovieListInteractor.swift in Sources */ = {isa = PBXBuildFile; fileRef = 36C25DE521B45E0C00A30C1B /* MovieListInteractor.swift */; };
		36C25DE821B45E1200A30C1B /* MovieListPresenter.swift in Sources */ = {isa = PBXBuildFile; fileRef = 36C25DE721B45E1200A30C1B /* MovieListPresenter.swift */; };
		36C25DEA21B45E2300A30C1B /* MovieListRouter.swift in Sources */ = {isa = PBXBuildFile; fileRef = 36C25DE921B45E2300A30C1B /* MovieListRouter.swift */; };
		6236A4B721A9FFD100BA91F6 /* MoviePresentation+API.swift in Sources */ = {isa = PBXBuildFile; fileRef = 62A2A67421A9EE5C007F821B /* MoviePresentation+API.swift */; };
		6236A4B821A9FFD100BA91F6 /* MovieDetailPresentation+API.swift in Sources */ = {isa = PBXBuildFile; fileRef = 62A2A67721A9EE7E007F821B /* MovieDetailPresentation+API.swift */; };
		6236A4B921A9FFD100BA91F6 /* MoviePresentation.swift in Sources */ = {isa = PBXBuildFile; fileRef = 360703E221A1F7BA00B92E5C /* MoviePresentation.swift */; };
		6236A4BA21A9FFD100BA91F6 /* MovieDetailPresentation.swift in Sources */ = {isa = PBXBuildFile; fileRef = 360703F521A1FB8600B92E5C /* MovieDetailPresentation.swift */; };
		6236A4E121AA091D00BA91F6 /* MockTopMoviesService.swift in Sources */ = {isa = PBXBuildFile; fileRef = 6236A4E021AA091D00BA91F6 /* MockTopMoviesService.swift */; };
		6236A4E221AA091D00BA91F6 /* MockTopMoviesService.swift in Sources */ = {isa = PBXBuildFile; fileRef = 6236A4E021AA091D00BA91F6 /* MockTopMoviesService.swift */; };
		62A2A60821A9C9E4007F821B /* AppDelegate.swift in Sources */ = {isa = PBXBuildFile; fileRef = 62A2A60721A9C9E4007F821B /* AppDelegate.swift */; };
		62A2A60F21A9C9E5007F821B /* Assets.xcassets in Resources */ = {isa = PBXBuildFile; fileRef = 62A2A60E21A9C9E5007F821B /* Assets.xcassets */; };
		62A2A61221A9C9E5007F821B /* LaunchScreen.storyboard in Resources */ = {isa = PBXBuildFile; fileRef = 62A2A61021A9C9E5007F821B /* LaunchScreen.storyboard */; };
		62A2A61D21A9C9E5007F821B /* MovieBoxMVVMTests.swift in Sources */ = {isa = PBXBuildFile; fileRef = 62A2A61C21A9C9E5007F821B /* MovieBoxMVVMTests.swift */; };
		62A2A63F21A9CCF7007F821B /* MovieBoxAPI.framework in Frameworks */ = {isa = PBXBuildFile; fileRef = 3635F0632184FF1700D9215B /* MovieBoxAPI.framework */; };
		62A2A64021A9CCF7007F821B /* MovieBoxAPI.framework in Embed Frameworks */ = {isa = PBXBuildFile; fileRef = 3635F0632184FF1700D9215B /* MovieBoxAPI.framework */; settings = {ATTRIBUTES = (CodeSignOnCopy, RemoveHeadersOnCopy, ); }; };
		62A2A64321A9CCF7007F821B /* Utility.framework in Frameworks */ = {isa = PBXBuildFile; fileRef = 3670D53F21A1E5C300474AF7 /* Utility.framework */; };
		62A2A64421A9CCF7007F821B /* Utility.framework in Embed Frameworks */ = {isa = PBXBuildFile; fileRef = 3670D53F21A1E5C300474AF7 /* Utility.framework */; settings = {ATTRIBUTES = (CodeSignOnCopy, RemoveHeadersOnCopy, ); }; };
		62A2A64A21A9CD88007F821B /* movie1.json in Resources */ = {isa = PBXBuildFile; fileRef = 3670D55F21A1E87B00474AF7 /* movie1.json */; };
		62A2A64B21A9CD88007F821B /* movie2.json in Resources */ = {isa = PBXBuildFile; fileRef = 3670D56021A1E87B00474AF7 /* movie2.json */; };
		62A2A64C21A9CD88007F821B /* movie3.json in Resources */ = {isa = PBXBuildFile; fileRef = 3670D56121A1E87B00474AF7 /* movie3.json */; };
		62A2A64D21A9CD88007F821B /* ResourceLoader.swift in Sources */ = {isa = PBXBuildFile; fileRef = 3670D56221A1E87B00474AF7 /* ResourceLoader.swift */; };
		62A2A65421A9D13A007F821B /* AppContainer.swift in Sources */ = {isa = PBXBuildFile; fileRef = 62A2A65221A9D13A007F821B /* AppContainer.swift */; };
		62A2A65521A9D13A007F821B /* AppRouter.swift in Sources */ = {isa = PBXBuildFile; fileRef = 62A2A65321A9D13A007F821B /* AppRouter.swift */; };
		62A2A67521A9EE5C007F821B /* MoviePresentation+API.swift in Sources */ = {isa = PBXBuildFile; fileRef = 62A2A67421A9EE5C007F821B /* MoviePresentation+API.swift */; };
		62A2A67821A9EE7E007F821B /* MovieDetailPresentation+API.swift in Sources */ = {isa = PBXBuildFile; fileRef = 62A2A67721A9EE7E007F821B /* MovieDetailPresentation+API.swift */; };
		62D6773021B1EC3C005399DC /* MovieDetailBuilder.swift in Sources */ = {isa = PBXBuildFile; fileRef = 62D6772921B1EC3B005399DC /* MovieDetailBuilder.swift */; };
		62D6773121B1EC3C005399DC /* MovieDetailContracts.swift in Sources */ = {isa = PBXBuildFile; fileRef = 62D6772C21B1EC3B005399DC /* MovieDetailContracts.swift */; };
		62D6773221B1EC3C005399DC /* MovieDetailViewModel.swift in Sources */ = {isa = PBXBuildFile; fileRef = 62D6772D21B1EC3B005399DC /* MovieDetailViewModel.swift */; };
		62D6773321B1EC3C005399DC /* MovieDetailViewController.swift in Sources */ = {isa = PBXBuildFile; fileRef = 62D6772E21B1EC3B005399DC /* MovieDetailViewController.swift */; };
		62D6773421B1EC3C005399DC /* MovieDetail.storyboard in Resources */ = {isa = PBXBuildFile; fileRef = 62D6772F21B1EC3B005399DC /* MovieDetail.storyboard */; };
		62D6773721B1ED05005399DC /* MovieListViewController.swift in Sources */ = {isa = PBXBuildFile; fileRef = 62D6773521B1ED05005399DC /* MovieListViewController.swift */; };
		62D6773821B1ED05005399DC /* MovieList.storyboard in Resources */ = {isa = PBXBuildFile; fileRef = 62D6773621B1ED05005399DC /* MovieList.storyboard */; };
		62D6773A21B1EF5B005399DC /* MovieListContracts.swift in Sources */ = {isa = PBXBuildFile; fileRef = 62D6773921B1EF5B005399DC /* MovieListContracts.swift */; };
		62D6773C21B1F0F4005399DC /* MovieListViewModel.swift in Sources */ = {isa = PBXBuildFile; fileRef = 62D6773B21B1F0F4005399DC /* MovieListViewModel.swift */; };
		62D6773E21B1F6FF005399DC /* MovieListBuilder.swift in Sources */ = {isa = PBXBuildFile; fileRef = 62D6773D21B1F6FF005399DC /* MovieListBuilder.swift */; };
/* End PBXBuildFile section */

/* Begin PBXContainerItemProxy section */
		3635F0622184FF1700D9215B /* PBXContainerItemProxy */ = {
			isa = PBXContainerItemProxy;
			containerPortal = 3635F05D2184FF1700D9215B /* MovieBoxAPI.xcodeproj */;
			proxyType = 2;
			remoteGlobalIDString = 3635F0402184FDB900D9215B;
			remoteInfo = MovieBoxAPI;
		};
		3635F0642184FF1700D9215B /* PBXContainerItemProxy */ = {
			isa = PBXContainerItemProxy;
			containerPortal = 3635F05D2184FF1700D9215B /* MovieBoxAPI.xcodeproj */;
			proxyType = 2;
			remoteGlobalIDString = 3635F0512184FE4D00D9215B;
			remoteInfo = MovieBoxAPITests;
		};
		3635F06F218502AC00D9215B /* PBXContainerItemProxy */ = {
			isa = PBXContainerItemProxy;
			containerPortal = 3635F05D2184FF1700D9215B /* MovieBoxAPI.xcodeproj */;
			proxyType = 1;
			remoteGlobalIDString = 3635F03F2184FDB900D9215B;
			remoteInfo = MovieBoxAPI;
		};
		3670D53E21A1E5C300474AF7 /* PBXContainerItemProxy */ = {
			isa = PBXContainerItemProxy;
			containerPortal = 3670D53921A1E5C300474AF7 /* Utility.xcodeproj */;
			proxyType = 2;
			remoteGlobalIDString = 363E032221A1E284009E34F0;
			remoteInfo = Utility;
		};
		3670D54021A1E5C300474AF7 /* PBXContainerItemProxy */ = {
			isa = PBXContainerItemProxy;
			containerPortal = 3670D53921A1E5C300474AF7 /* Utility.xcodeproj */;
			proxyType = 2;
			remoteGlobalIDString = 363E032B21A1E284009E34F0;
			remoteInfo = UtilityTests;
		};
		3670D54421A1E5CA00474AF7 /* PBXContainerItemProxy */ = {
			isa = PBXContainerItemProxy;
			containerPortal = 3670D53921A1E5C300474AF7 /* Utility.xcodeproj */;
			proxyType = 1;
			remoteGlobalIDString = 363E032121A1E284009E34F0;
			remoteInfo = Utility;
		};
		3670D55721A1E81600474AF7 /* PBXContainerItemProxy */ = {
			isa = PBXContainerItemProxy;
			containerPortal = 3635F0192184FD3100D9215B /* Project object */;
			proxyType = 1;
			remoteGlobalIDString = 3635F0202184FD3100D9215B;
			remoteInfo = MovieBoxMVC;
		};
		36C25D6921B2B7B400A30C1B /* PBXContainerItemProxy */ = {
			isa = PBXContainerItemProxy;
			containerPortal = 3635F0192184FD3100D9215B /* Project object */;
			proxyType = 1;
			remoteGlobalIDString = 36C25D5421B2B7B300A30C1B;
			remoteInfo = MovieBoxVIPER;
		};
		36C25D8021B2B91600A30C1B /* PBXContainerItemProxy */ = {
			isa = PBXContainerItemProxy;
			containerPortal = 3635F05D2184FF1700D9215B /* MovieBoxAPI.xcodeproj */;
			proxyType = 1;
			remoteGlobalIDString = 3635F03F2184FDB900D9215B;
			remoteInfo = MovieBoxAPI;
		};
		36C25D8421B2B91600A30C1B /* PBXContainerItemProxy */ = {
			isa = PBXContainerItemProxy;
			containerPortal = 3670D53921A1E5C300474AF7 /* Utility.xcodeproj */;
			proxyType = 1;
			remoteGlobalIDString = 363E032121A1E284009E34F0;
			remoteInfo = Utility;
		};
		62A2A61921A9C9E5007F821B /* PBXContainerItemProxy */ = {
			isa = PBXContainerItemProxy;
			containerPortal = 3635F0192184FD3100D9215B /* Project object */;
			proxyType = 1;
			remoteGlobalIDString = 62A2A60421A9C9E4007F821B;
			remoteInfo = MovieBoxMVVM;
		};
		62A2A64121A9CCF7007F821B /* PBXContainerItemProxy */ = {
			isa = PBXContainerItemProxy;
			containerPortal = 3635F05D2184FF1700D9215B /* MovieBoxAPI.xcodeproj */;
			proxyType = 1;
			remoteGlobalIDString = 3635F03F2184FDB900D9215B;
			remoteInfo = MovieBoxAPI;
		};
		62A2A64521A9CCF7007F821B /* PBXContainerItemProxy */ = {
			isa = PBXContainerItemProxy;
			containerPortal = 3670D53921A1E5C300474AF7 /* Utility.xcodeproj */;
			proxyType = 1;
			remoteGlobalIDString = 363E032121A1E284009E34F0;
			remoteInfo = Utility;
		};
/* End PBXContainerItemProxy section */

/* Begin PBXCopyFilesBuildPhase section */
		3635F071218502AC00D9215B /* Embed Frameworks */ = {
			isa = PBXCopyFilesBuildPhase;
			buildActionMask = 2147483647;
			dstPath = "";
			dstSubfolderSpec = 10;
			files = (
				3635F06E218502AC00D9215B /* MovieBoxAPI.framework in Embed Frameworks */,
				3670D54321A1E5CA00474AF7 /* Utility.framework in Embed Frameworks */,
			);
			name = "Embed Frameworks";
			runOnlyForDeploymentPostprocessing = 0;
		};
		36C25D8621B2B91600A30C1B /* Embed Frameworks */ = {
			isa = PBXCopyFilesBuildPhase;
			buildActionMask = 2147483647;
			dstPath = "";
			dstSubfolderSpec = 10;
			files = (
				36C25D7F21B2B91600A30C1B /* MovieBoxAPI.framework in Embed Frameworks */,
				36C25D8321B2B91600A30C1B /* Utility.framework in Embed Frameworks */,
			);
			name = "Embed Frameworks";
			runOnlyForDeploymentPostprocessing = 0;
		};
		62A2A64721A9CCF7007F821B /* Embed Frameworks */ = {
			isa = PBXCopyFilesBuildPhase;
			buildActionMask = 2147483647;
			dstPath = "";
			dstSubfolderSpec = 10;
			files = (
				62A2A64021A9CCF7007F821B /* MovieBoxAPI.framework in Embed Frameworks */,
				62A2A64421A9CCF7007F821B /* Utility.framework in Embed Frameworks */,
			);
			name = "Embed Frameworks";
			runOnlyForDeploymentPostprocessing = 0;
		};
/* End PBXCopyFilesBuildPhase section */

/* Begin PBXFileReference section */
		360703DA21A1F44B00B92E5C /* MovieListContracts.swift */ = {isa = PBXFileReference; lastKnownFileType = sourcecode.swift; path = MovieListContracts.swift; sourceTree = "<group>"; };
		360703DC21A1F4FA00B92E5C /* MovieList.storyboard */ = {isa = PBXFileReference; lastKnownFileType = file.storyboard; path = MovieList.storyboard; sourceTree = "<group>"; };
		360703DE21A1F55B00B92E5C /* MovieListView.swift */ = {isa = PBXFileReference; lastKnownFileType = sourcecode.swift; path = MovieListView.swift; sourceTree = "<group>"; };
		360703E021A1F65300B92E5C /* MovieListViewController.swift */ = {isa = PBXFileReference; lastKnownFileType = sourcecode.swift; path = MovieListViewController.swift; sourceTree = "<group>"; };
		360703E221A1F7BA00B92E5C /* MoviePresentation.swift */ = {isa = PBXFileReference; lastKnownFileType = sourcecode.swift; path = MoviePresentation.swift; sourceTree = "<group>"; };
		360703E421A1F87700B92E5C /* AppContainer.swift */ = {isa = PBXFileReference; lastKnownFileType = sourcecode.swift; path = AppContainer.swift; sourceTree = "<group>"; };
		360703E621A1F88E00B92E5C /* AppRouter.swift */ = {isa = PBXFileReference; lastKnownFileType = sourcecode.swift; path = AppRouter.swift; sourceTree = "<group>"; };
		360703E821A1F96800B92E5C /* MovieListBuilder.swift */ = {isa = PBXFileReference; lastKnownFileType = sourcecode.swift; path = MovieListBuilder.swift; sourceTree = "<group>"; };
		360703EB21A1FB5600B92E5C /* MovieDetailView.swift */ = {isa = PBXFileReference; fileEncoding = 4; lastKnownFileType = sourcecode.swift; path = MovieDetailView.swift; sourceTree = "<group>"; };
		360703EC21A1FB5600B92E5C /* MovieDetailBuilder.swift */ = {isa = PBXFileReference; fileEncoding = 4; lastKnownFileType = sourcecode.swift; path = MovieDetailBuilder.swift; sourceTree = "<group>"; };
		360703ED21A1FB5600B92E5C /* MovieDetail.storyboard */ = {isa = PBXFileReference; fileEncoding = 4; lastKnownFileType = file.storyboard; path = MovieDetail.storyboard; sourceTree = "<group>"; };
		360703EE21A1FB5600B92E5C /* MovieDetailContracts.swift */ = {isa = PBXFileReference; fileEncoding = 4; lastKnownFileType = sourcecode.swift; path = MovieDetailContracts.swift; sourceTree = "<group>"; };
		360703EF21A1FB5600B92E5C /* MovieDetailViewController.swift */ = {isa = PBXFileReference; fileEncoding = 4; lastKnownFileType = sourcecode.swift; path = MovieDetailViewController.swift; sourceTree = "<group>"; };
		360703F521A1FB8600B92E5C /* MovieDetailPresentation.swift */ = {isa = PBXFileReference; lastKnownFileType = sourcecode.swift; path = MovieDetailPresentation.swift; sourceTree = "<group>"; };
		3635F0212184FD3100D9215B /* MovieBoxMVC.app */ = {isa = PBXFileReference; explicitFileType = wrapper.application; includeInIndex = 0; path = MovieBoxMVC.app; sourceTree = BUILT_PRODUCTS_DIR; };
		3635F0242184FD3100D9215B /* AppDelegate.swift */ = {isa = PBXFileReference; lastKnownFileType = sourcecode.swift; path = AppDelegate.swift; sourceTree = "<group>"; };
		3635F02B2184FD3300D9215B /* Assets.xcassets */ = {isa = PBXFileReference; lastKnownFileType = folder.assetcatalog; path = Assets.xcassets; sourceTree = "<group>"; };
		3635F02E2184FD3300D9215B /* Base */ = {isa = PBXFileReference; lastKnownFileType = file.storyboard; name = Base; path = Base.lproj/LaunchScreen.storyboard; sourceTree = "<group>"; };
		3635F0302184FD3300D9215B /* Info.plist */ = {isa = PBXFileReference; lastKnownFileType = text.plist.xml; path = Info.plist; sourceTree = "<group>"; };
		3635F05D2184FF1700D9215B /* MovieBoxAPI.xcodeproj */ = {isa = PBXFileReference; lastKnownFileType = "wrapper.pb-project"; name = MovieBoxAPI.xcodeproj; path = ../MovieBoxAPI/MovieBoxAPI.xcodeproj; sourceTree = "<group>"; };
		3670D53921A1E5C300474AF7 /* Utility.xcodeproj */ = {isa = PBXFileReference; lastKnownFileType = "wrapper.pb-project"; name = Utility.xcodeproj; path = ../Utility/Utility.xcodeproj; sourceTree = "<group>"; };
		3670D55221A1E81600474AF7 /* MovieBoxMVCTests.xctest */ = {isa = PBXFileReference; explicitFileType = wrapper.cfbundle; includeInIndex = 0; path = MovieBoxMVCTests.xctest; sourceTree = BUILT_PRODUCTS_DIR; };
		3670D55421A1E81600474AF7 /* MovieBoxMVCTests.swift */ = {isa = PBXFileReference; lastKnownFileType = sourcecode.swift; path = MovieBoxMVCTests.swift; sourceTree = "<group>"; };
		3670D55621A1E81600474AF7 /* Info.plist */ = {isa = PBXFileReference; lastKnownFileType = text.plist.xml; path = Info.plist; sourceTree = "<group>"; };
		3670D55F21A1E87B00474AF7 /* movie1.json */ = {isa = PBXFileReference; lastKnownFileType = text.json; path = movie1.json; sourceTree = "<group>"; };
		3670D56021A1E87B00474AF7 /* movie2.json */ = {isa = PBXFileReference; lastKnownFileType = text.json; path = movie2.json; sourceTree = "<group>"; };
		3670D56121A1E87B00474AF7 /* movie3.json */ = {isa = PBXFileReference; lastKnownFileType = text.json; path = movie3.json; sourceTree = "<group>"; };
		3670D56221A1E87B00474AF7 /* ResourceLoader.swift */ = {isa = PBXFileReference; lastKnownFileType = sourcecode.swift; path = ResourceLoader.swift; sourceTree = "<group>"; };
		36C25D5521B2B7B300A30C1B /* MovieBoxVIPER.app */ = {isa = PBXFileReference; explicitFileType = wrapper.application; includeInIndex = 0; path = MovieBoxVIPER.app; sourceTree = BUILT_PRODUCTS_DIR; };
		36C25D5721B2B7B300A30C1B /* AppDelegate.swift */ = {isa = PBXFileReference; lastKnownFileType = sourcecode.swift; path = AppDelegate.swift; sourceTree = "<group>"; };
		36C25D5E21B2B7B300A30C1B /* Assets.xcassets */ = {isa = PBXFileReference; lastKnownFileType = folder.assetcatalog; path = Assets.xcassets; sourceTree = "<group>"; };
		36C25D6121B2B7B300A30C1B /* Base */ = {isa = PBXFileReference; lastKnownFileType = file.storyboard; name = Base; path = Base.lproj/LaunchScreen.storyboard; sourceTree = "<group>"; };
		36C25D6321B2B7B300A30C1B /* Info.plist */ = {isa = PBXFileReference; lastKnownFileType = text.plist.xml; path = Info.plist; sourceTree = "<group>"; };
		36C25D6821B2B7B300A30C1B /* MovieBoxVIPERTests.xctest */ = {isa = PBXFileReference; explicitFileType = wrapper.cfbundle; includeInIndex = 0; path = MovieBoxVIPERTests.xctest; sourceTree = BUILT_PRODUCTS_DIR; };
		36C25D6C21B2B7B400A30C1B /* MovieBoxVIPERTests.swift */ = {isa = PBXFileReference; lastKnownFileType = sourcecode.swift; path = MovieBoxVIPERTests.swift; sourceTree = "<group>"; };
		36C25D6E21B2B7B400A30C1B /* Info.plist */ = {isa = PBXFileReference; lastKnownFileType = text.plist.xml; path = Info.plist; sourceTree = "<group>"; };
		36C25D7A21B2B82C00A30C1B /* AppContainer.swift */ = {isa = PBXFileReference; lastKnownFileType = sourcecode.swift; path = AppContainer.swift; sourceTree = "<group>"; };
		36C25D7C21B2B83C00A30C1B /* AppRouter.swift */ = {isa = PBXFileReference; lastKnownFileType = sourcecode.swift; path = AppRouter.swift; sourceTree = "<group>"; };
		36C25D9321B2BAF600A30C1B /* MovieList.storyboard */ = {isa = PBXFileReference; lastKnownFileType = file.storyboard; path = MovieList.storyboard; sourceTree = "<group>"; };
		36C25D9521B2BB0F00A30C1B /* MovieListViewController.swift */ = {isa = PBXFileReference; lastKnownFileType = sourcecode.swift; path = MovieListViewController.swift; sourceTree = "<group>"; };
		36C25D9721B2BB5700A30C1B /* MovieListBuilder.swift */ = {isa = PBXFileReference; lastKnownFileType = sourcecode.swift; path = MovieListBuilder.swift; sourceTree = "<group>"; };
		36C25DD721B45DDA00A30C1B /* MovieDetailBuilder.swift */ = {isa = PBXFileReference; fileEncoding = 4; lastKnownFileType = sourcecode.swift; path = MovieDetailBuilder.swift; sourceTree = "<group>"; };
		36C25DD821B45DDA00A30C1B /* MovieDetail.storyboard */ = {isa = PBXFileReference; fileEncoding = 4; lastKnownFileType = file.storyboard; path = MovieDetail.storyboard; sourceTree = "<group>"; };
		36C25DD921B45DDA00A30C1B /* MovieDetailContracts.swift */ = {isa = PBXFileReference; fileEncoding = 4; lastKnownFileType = sourcecode.swift; path = MovieDetailContracts.swift; sourceTree = "<group>"; };
		36C25DDA21B45DDA00A30C1B /* MovieDetailViewController.swift */ = {isa = PBXFileReference; fileEncoding = 4; lastKnownFileType = sourcecode.swift; path = MovieDetailViewController.swift; sourceTree = "<group>"; };
		36C25DDB21B45DDA00A30C1B /* MovieDetailPresenter.swift */ = {isa = PBXFileReference; fileEncoding = 4; lastKnownFileType = sourcecode.swift; path = MovieDetailPresenter.swift; sourceTree = "<group>"; };
		36C25DE321B45E0300A30C1B /* MovieListContracts.swift */ = {isa = PBXFileReference; lastKnownFileType = sourcecode.swift; path = MovieListContracts.swift; sourceTree = "<group>"; };
		36C25DE521B45E0C00A30C1B /* MovieListInteractor.swift */ = {isa = PBXFileReference; lastKnownFileType = sourcecode.swift; path = MovieListInteractor.swift; sourceTree = "<group>"; };
		36C25DE721B45E1200A30C1B /* MovieListPresenter.swift */ = {isa = PBXFileReference; lastKnownFileType = sourcecode.swift; path = MovieListPresenter.swift; sourceTree = "<group>"; };
		36C25DE921B45E2300A30C1B /* MovieListRouter.swift */ = {isa = PBXFileReference; lastKnownFileType = sourcecode.swift; path = MovieListRouter.swift; sourceTree = "<group>"; };
		6236A4E021AA091D00BA91F6 /* MockTopMoviesService.swift */ = {isa = PBXFileReference; lastKnownFileType = sourcecode.swift; path = MockTopMoviesService.swift; sourceTree = "<group>"; };
		62A2A60521A9C9E4007F821B /* MovieBoxMVVM.app */ = {isa = PBXFileReference; explicitFileType = wrapper.application; includeInIndex = 0; path = MovieBoxMVVM.app; sourceTree = BUILT_PRODUCTS_DIR; };
		62A2A60721A9C9E4007F821B /* AppDelegate.swift */ = {isa = PBXFileReference; lastKnownFileType = sourcecode.swift; path = AppDelegate.swift; sourceTree = "<group>"; };
		62A2A60E21A9C9E5007F821B /* Assets.xcassets */ = {isa = PBXFileReference; lastKnownFileType = folder.assetcatalog; path = Assets.xcassets; sourceTree = "<group>"; };
		62A2A61121A9C9E5007F821B /* Base */ = {isa = PBXFileReference; lastKnownFileType = file.storyboard; name = Base; path = Base.lproj/LaunchScreen.storyboard; sourceTree = "<group>"; };
		62A2A61321A9C9E5007F821B /* Info.plist */ = {isa = PBXFileReference; lastKnownFileType = text.plist.xml; path = Info.plist; sourceTree = "<group>"; };
		62A2A61821A9C9E5007F821B /* MovieBoxMVVMTests.xctest */ = {isa = PBXFileReference; explicitFileType = wrapper.cfbundle; includeInIndex = 0; path = MovieBoxMVVMTests.xctest; sourceTree = BUILT_PRODUCTS_DIR; };
		62A2A61C21A9C9E5007F821B /* MovieBoxMVVMTests.swift */ = {isa = PBXFileReference; lastKnownFileType = sourcecode.swift; path = MovieBoxMVVMTests.swift; sourceTree = "<group>"; };
		62A2A61E21A9C9E5007F821B /* Info.plist */ = {isa = PBXFileReference; lastKnownFileType = text.plist.xml; path = Info.plist; sourceTree = "<group>"; };
		62A2A65221A9D13A007F821B /* AppContainer.swift */ = {isa = PBXFileReference; fileEncoding = 4; lastKnownFileType = sourcecode.swift; path = AppContainer.swift; sourceTree = "<group>"; };
		62A2A65321A9D13A007F821B /* AppRouter.swift */ = {isa = PBXFileReference; fileEncoding = 4; lastKnownFileType = sourcecode.swift; path = AppRouter.swift; sourceTree = "<group>"; };
		62A2A67421A9EE5C007F821B /* MoviePresentation+API.swift */ = {isa = PBXFileReference; lastKnownFileType = sourcecode.swift; path = "MoviePresentation+API.swift"; sourceTree = "<group>"; };
		62A2A67721A9EE7E007F821B /* MovieDetailPresentation+API.swift */ = {isa = PBXFileReference; lastKnownFileType = sourcecode.swift; path = "MovieDetailPresentation+API.swift"; sourceTree = "<group>"; };
		62D6772921B1EC3B005399DC /* MovieDetailBuilder.swift */ = {isa = PBXFileReference; fileEncoding = 4; lastKnownFileType = sourcecode.swift; path = MovieDetailBuilder.swift; sourceTree = "<group>"; };
		62D6772C21B1EC3B005399DC /* MovieDetailContracts.swift */ = {isa = PBXFileReference; fileEncoding = 4; lastKnownFileType = sourcecode.swift; path = MovieDetailContracts.swift; sourceTree = "<group>"; };
		62D6772D21B1EC3B005399DC /* MovieDetailViewModel.swift */ = {isa = PBXFileReference; fileEncoding = 4; lastKnownFileType = sourcecode.swift; path = MovieDetailViewModel.swift; sourceTree = "<group>"; };
		62D6772E21B1EC3B005399DC /* MovieDetailViewController.swift */ = {isa = PBXFileReference; fileEncoding = 4; lastKnownFileType = sourcecode.swift; path = MovieDetailViewController.swift; sourceTree = "<group>"; };
		62D6772F21B1EC3B005399DC /* MovieDetail.storyboard */ = {isa = PBXFileReference; fileEncoding = 4; lastKnownFileType = file.storyboard; path = MovieDetail.storyboard; sourceTree = "<group>"; };
		62D6773521B1ED05005399DC /* MovieListViewController.swift */ = {isa = PBXFileReference; fileEncoding = 4; lastKnownFileType = sourcecode.swift; path = MovieListViewController.swift; sourceTree = "<group>"; };
		62D6773621B1ED05005399DC /* MovieList.storyboard */ = {isa = PBXFileReference; fileEncoding = 4; lastKnownFileType = file.storyboard; path = MovieList.storyboard; sourceTree = "<group>"; };
		62D6773921B1EF5B005399DC /* MovieListContracts.swift */ = {isa = PBXFileReference; lastKnownFileType = sourcecode.swift; path = MovieListContracts.swift; sourceTree = "<group>"; };
		62D6773B21B1F0F4005399DC /* MovieListViewModel.swift */ = {isa = PBXFileReference; lastKnownFileType = sourcecode.swift; path = MovieListViewModel.swift; sourceTree = "<group>"; };
		62D6773D21B1F6FF005399DC /* MovieListBuilder.swift */ = {isa = PBXFileReference; lastKnownFileType = sourcecode.swift; path = MovieListBuilder.swift; sourceTree = "<group>"; };
/* End PBXFileReference section */

/* Begin PBXFrameworksBuildPhase section */
		3635F01E2184FD3100D9215B /* Frameworks */ = {
			isa = PBXFrameworksBuildPhase;
			buildActionMask = 2147483647;
			files = (
				3635F0672184FF2300D9215B /* MovieBoxAPI.framework in Frameworks */,
				3670D54221A1E5CA00474AF7 /* Utility.framework in Frameworks */,
			);
			runOnlyForDeploymentPostprocessing = 0;
		};
		3670D54F21A1E81600474AF7 /* Frameworks */ = {
			isa = PBXFrameworksBuildPhase;
			buildActionMask = 2147483647;
			files = (
			);
			runOnlyForDeploymentPostprocessing = 0;
		};
		36C25D5221B2B7B300A30C1B /* Frameworks */ = {
			isa = PBXFrameworksBuildPhase;
			buildActionMask = 2147483647;
			files = (
				36C25D7E21B2B91600A30C1B /* MovieBoxAPI.framework in Frameworks */,
				36C25D8221B2B91600A30C1B /* Utility.framework in Frameworks */,
			);
			runOnlyForDeploymentPostprocessing = 0;
		};
		36C25D6521B2B7B300A30C1B /* Frameworks */ = {
			isa = PBXFrameworksBuildPhase;
			buildActionMask = 2147483647;
			files = (
			);
			runOnlyForDeploymentPostprocessing = 0;
		};
		62A2A60221A9C9E4007F821B /* Frameworks */ = {
			isa = PBXFrameworksBuildPhase;
			buildActionMask = 2147483647;
			files = (
				62A2A63F21A9CCF7007F821B /* MovieBoxAPI.framework in Frameworks */,
				62A2A64321A9CCF7007F821B /* Utility.framework in Frameworks */,
			);
			runOnlyForDeploymentPostprocessing = 0;
		};
		62A2A61521A9C9E5007F821B /* Frameworks */ = {
			isa = PBXFrameworksBuildPhase;
			buildActionMask = 2147483647;
			files = (
			);
			runOnlyForDeploymentPostprocessing = 0;
		};
/* End PBXFrameworksBuildPhase section */

/* Begin PBXGroup section */
		360703D621A1F42A00B92E5C /* Scenes */ = {
			isa = PBXGroup;
			children = (
				360703D921A1F43500B92E5C /* MovieList */,
				360703EA21A1FB5600B92E5C /* MovieDetail */,
			);
			path = Scenes;
			sourceTree = "<group>";
		};
		360703D921A1F43500B92E5C /* MovieList */ = {
			isa = PBXGroup;
			children = (
				360703DC21A1F4FA00B92E5C /* MovieList.storyboard */,
				360703E821A1F96800B92E5C /* MovieListBuilder.swift */,
				360703DA21A1F44B00B92E5C /* MovieListContracts.swift */,
				360703DE21A1F55B00B92E5C /* MovieListView.swift */,
				360703E021A1F65300B92E5C /* MovieListViewController.swift */,
			);
			path = MovieList;
			sourceTree = "<group>";
		};
		360703EA21A1FB5600B92E5C /* MovieDetail */ = {
			isa = PBXGroup;
			children = (
				360703ED21A1FB5600B92E5C /* MovieDetail.storyboard */,
				360703EC21A1FB5600B92E5C /* MovieDetailBuilder.swift */,
				360703EE21A1FB5600B92E5C /* MovieDetailContracts.swift */,
				360703EB21A1FB5600B92E5C /* MovieDetailView.swift */,
				360703EF21A1FB5600B92E5C /* MovieDetailViewController.swift */,
			);
			path = MovieDetail;
			sourceTree = "<group>";
		};
		3635F0182184FD3100D9215B = {
			isa = PBXGroup;
			children = (
				3670D55C21A1E87B00474AF7 /* Commons */,
				3635F0232184FD3100D9215B /* MovieBoxMVC */,
				3670D55321A1E81600474AF7 /* MovieBoxMVCTests */,
				62A2A60621A9C9E4007F821B /* MovieBoxMVVM */,
				62A2A61B21A9C9E5007F821B /* MovieBoxMVVMTests */,
				36C25D5621B2B7B300A30C1B /* MovieBoxVIPER */,
				36C25D6B21B2B7B400A30C1B /* MovieBoxVIPERTests */,
				3635F05C2184FF0900D9215B /* Vendor */,
				3635F0222184FD3100D9215B /* Products */,
			);
			sourceTree = "<group>";
		};
		3635F0222184FD3100D9215B /* Products */ = {
			isa = PBXGroup;
			children = (
				3635F0212184FD3100D9215B /* MovieBoxMVC.app */,
				3670D55221A1E81600474AF7 /* MovieBoxMVCTests.xctest */,
				62A2A60521A9C9E4007F821B /* MovieBoxMVVM.app */,
				62A2A61821A9C9E5007F821B /* MovieBoxMVVMTests.xctest */,
				36C25D5521B2B7B300A30C1B /* MovieBoxVIPER.app */,
				36C25D6821B2B7B300A30C1B /* MovieBoxVIPERTests.xctest */,
			);
			name = Products;
			sourceTree = "<group>";
		};
		3635F0232184FD3100D9215B /* MovieBoxMVC */ = {
			isa = PBXGroup;
			children = (
				3670D54D21A1E72C00474AF7 /* App */,
				360703D621A1F42A00B92E5C /* Scenes */,
				3670D54C21A1E6F900474AF7 /* Resources */,
				3670D54B21A1E6B600474AF7 /* Supporting Files */,
			);
			name = MovieBoxMVC;
			path = MovieBox;
			sourceTree = "<group>";
		};
		3635F05C2184FF0900D9215B /* Vendor */ = {
			isa = PBXGroup;
			children = (
				3635F05D2184FF1700D9215B /* MovieBoxAPI.xcodeproj */,
				3670D53921A1E5C300474AF7 /* Utility.xcodeproj */,
			);
			name = Vendor;
			sourceTree = "<group>";
		};
		3635F05E2184FF1700D9215B /* Products */ = {
			isa = PBXGroup;
			children = (
				3635F0632184FF1700D9215B /* MovieBoxAPI.framework */,
				3635F0652184FF1700D9215B /* MovieBoxAPITests.xctest */,
			);
			name = Products;
			sourceTree = "<group>";
		};
		3670D53A21A1E5C300474AF7 /* Products */ = {
			isa = PBXGroup;
			children = (
				3670D53F21A1E5C300474AF7 /* Utility.framework */,
				3670D54121A1E5C300474AF7 /* UtilityTests.xctest */,
			);
			name = Products;
			sourceTree = "<group>";
		};
		3670D54B21A1E6B600474AF7 /* Supporting Files */ = {
			isa = PBXGroup;
			children = (
				3635F02D2184FD3300D9215B /* LaunchScreen.storyboard */,
				3635F0302184FD3300D9215B /* Info.plist */,
			);
			path = "Supporting Files";
			sourceTree = "<group>";
		};
		3670D54C21A1E6F900474AF7 /* Resources */ = {
			isa = PBXGroup;
			children = (
				3635F02B2184FD3300D9215B /* Assets.xcassets */,
			);
			path = Resources;
			sourceTree = "<group>";
		};
		3670D54D21A1E72C00474AF7 /* App */ = {
			isa = PBXGroup;
			children = (
				3635F0242184FD3100D9215B /* AppDelegate.swift */,
				360703E421A1F87700B92E5C /* AppContainer.swift */,
				360703E621A1F88E00B92E5C /* AppRouter.swift */,
			);
			path = App;
			sourceTree = "<group>";
		};
		3670D55321A1E81600474AF7 /* MovieBoxMVCTests */ = {
			isa = PBXGroup;
			children = (
				3670D55421A1E81600474AF7 /* MovieBoxMVCTests.swift */,
				3670D55621A1E81600474AF7 /* Info.plist */,
			);
			path = MovieBoxMVCTests;
			sourceTree = "<group>";
		};
		3670D55C21A1E87B00474AF7 /* Commons */ = {
			isa = PBXGroup;
			children = (
				62A2A67321A9EE47007F821B /* Presentations */,
				3670D55D21A1E87B00474AF7 /* Test */,
			);
			path = Commons;
			sourceTree = "<group>";
		};
		3670D55D21A1E87B00474AF7 /* Test */ = {
			isa = PBXGroup;
			children = (
				6236A4DD21AA090B00BA91F6 /* Mocks */,
				3670D55E21A1E87B00474AF7 /* Resources */,
				3670D56221A1E87B00474AF7 /* ResourceLoader.swift */,
			);
			path = Test;
			sourceTree = "<group>";
		};
		3670D55E21A1E87B00474AF7 /* Resources */ = {
			isa = PBXGroup;
			children = (
				3670D55F21A1E87B00474AF7 /* movie1.json */,
				3670D56021A1E87B00474AF7 /* movie2.json */,
				3670D56121A1E87B00474AF7 /* movie3.json */,
			);
			path = Resources;
			sourceTree = "<group>";
		};
		36C25D5621B2B7B300A30C1B /* MovieBoxVIPER */ = {
			isa = PBXGroup;
			children = (
				36C25D7921B2B81B00A30C1B /* App */,
				36C25D9121B2BAD100A30C1B /* Scenes */,
				36C25D7821B2B80200A30C1B /* Resources */,
				36C25D7721B2B7E600A30C1B /* Supporting Files */,
			);
			path = MovieBoxVIPER;
			sourceTree = "<group>";
		};
		36C25D6B21B2B7B400A30C1B /* MovieBoxVIPERTests */ = {
			isa = PBXGroup;
			children = (
				36C25D6C21B2B7B400A30C1B /* MovieBoxVIPERTests.swift */,
				36C25D6E21B2B7B400A30C1B /* Info.plist */,
			);
			path = MovieBoxVIPERTests;
			sourceTree = "<group>";
		};
		36C25D7721B2B7E600A30C1B /* Supporting Files */ = {
			isa = PBXGroup;
			children = (
				36C25D6021B2B7B300A30C1B /* LaunchScreen.storyboard */,
				36C25D6321B2B7B300A30C1B /* Info.plist */,
			);
			path = "Supporting Files";
			sourceTree = "<group>";
		};
		36C25D7821B2B80200A30C1B /* Resources */ = {
			isa = PBXGroup;
			children = (
				36C25D5E21B2B7B300A30C1B /* Assets.xcassets */,
			);
			path = Resources;
			sourceTree = "<group>";
		};
		36C25D7921B2B81B00A30C1B /* App */ = {
			isa = PBXGroup;
			children = (
				36C25D5721B2B7B300A30C1B /* AppDelegate.swift */,
				36C25D7A21B2B82C00A30C1B /* AppContainer.swift */,
				36C25D7C21B2B83C00A30C1B /* AppRouter.swift */,
			);
			path = App;
			sourceTree = "<group>";
		};
		36C25D9121B2BAD100A30C1B /* Scenes */ = {
			isa = PBXGroup;
			children = (
				36C25D9221B2BADB00A30C1B /* MovieList */,
				36C25DD621B45DDA00A30C1B /* MovieDetail */,
			);
			path = Scenes;
			sourceTree = "<group>";
		};
		36C25D9221B2BADB00A30C1B /* MovieList */ = {
			isa = PBXGroup;
			children = (
				36C25D9321B2BAF600A30C1B /* MovieList.storyboard */,
				36C25D9721B2BB5700A30C1B /* MovieListBuilder.swift */,
				36C25D9521B2BB0F00A30C1B /* MovieListViewController.swift */,
				36C25DE321B45E0300A30C1B /* MovieListContracts.swift */,
				36C25DE521B45E0C00A30C1B /* MovieListInteractor.swift */,
				36C25DE721B45E1200A30C1B /* MovieListPresenter.swift */,
				36C25DE921B45E2300A30C1B /* MovieListRouter.swift */,
			);
			path = MovieList;
			sourceTree = "<group>";
		};
		36C25DD621B45DDA00A30C1B /* MovieDetail */ = {
			isa = PBXGroup;
			children = (
				36C25DD821B45DDA00A30C1B /* MovieDetail.storyboard */,
				36C25DD721B45DDA00A30C1B /* MovieDetailBuilder.swift */,
				36C25DDA21B45DDA00A30C1B /* MovieDetailViewController.swift */,
				36C25DD921B45DDA00A30C1B /* MovieDetailContracts.swift */,
				36C25DDB21B45DDA00A30C1B /* MovieDetailPresenter.swift */,
			);
			path = MovieDetail;
			sourceTree = "<group>";
		};
		6236A4DD21AA090B00BA91F6 /* Mocks */ = {
			isa = PBXGroup;
			children = (
				6236A4E021AA091D00BA91F6 /* MockTopMoviesService.swift */,
			);
			path = Mocks;
			sourceTree = "<group>";
		};
		62A2A60621A9C9E4007F821B /* MovieBoxMVVM */ = {
			isa = PBXGroup;
			children = (
				62A2A63321A9CB31007F821B /* App */,
				62A2A63621A9CB54007F821B /* Scenes */,
				62A2A63721A9CB5D007F821B /* Resources */,
				62A2A63A21A9CBD0007F821B /* Supporting Files */,
			);
			path = MovieBoxMVVM;
			sourceTree = "<group>";
		};
		62A2A61B21A9C9E5007F821B /* MovieBoxMVVMTests */ = {
			isa = PBXGroup;
			children = (
				62A2A61C21A9C9E5007F821B /* MovieBoxMVVMTests.swift */,
				62A2A61E21A9C9E5007F821B /* Info.plist */,
			);
			path = MovieBoxMVVMTests;
			sourceTree = "<group>";
		};
		62A2A63321A9CB31007F821B /* App */ = {
			isa = PBXGroup;
			children = (
				62A2A60721A9C9E4007F821B /* AppDelegate.swift */,
				62A2A65221A9D13A007F821B /* AppContainer.swift */,
				62A2A65321A9D13A007F821B /* AppRouter.swift */,
			);
			path = App;
			sourceTree = "<group>";
		};
		62A2A63621A9CB54007F821B /* Scenes */ = {
			isa = PBXGroup;
			children = (
				62A2A63821A9CBBE007F821B /* MovieList */,
				62A2A63921A9CBC3007F821B /* MovieDetail */,
			);
			path = Scenes;
			sourceTree = "<group>";
		};
		62A2A63721A9CB5D007F821B /* Resources */ = {
			isa = PBXGroup;
			children = (
				62A2A60E21A9C9E5007F821B /* Assets.xcassets */,
			);
			path = Resources;
			sourceTree = "<group>";
		};
		62A2A63821A9CBBE007F821B /* MovieList */ = {
			isa = PBXGroup;
			children = (
				62D6773621B1ED05005399DC /* MovieList.storyboard */,
				62D6773D21B1F6FF005399DC /* MovieListBuilder.swift */,
				62D6773521B1ED05005399DC /* MovieListViewController.swift */,
				62D6773921B1EF5B005399DC /* MovieListContracts.swift */,
				62D6773B21B1F0F4005399DC /* MovieListViewModel.swift */,
			);
			path = MovieList;
			sourceTree = "<group>";
		};
		62A2A63921A9CBC3007F821B /* MovieDetail */ = {
			isa = PBXGroup;
			children = (
				62D6772F21B1EC3B005399DC /* MovieDetail.storyboard */,
				62D6772921B1EC3B005399DC /* MovieDetailBuilder.swift */,
				62D6772C21B1EC3B005399DC /* MovieDetailContracts.swift */,
				62D6772E21B1EC3B005399DC /* MovieDetailViewController.swift */,
				62D6772D21B1EC3B005399DC /* MovieDetailViewModel.swift */,
			);
			path = MovieDetail;
			sourceTree = "<group>";
		};
		62A2A63A21A9CBD0007F821B /* Supporting Files */ = {
			isa = PBXGroup;
			children = (
				62A2A61021A9C9E5007F821B /* LaunchScreen.storyboard */,
				62A2A61321A9C9E5007F821B /* Info.plist */,
			);
			path = "Supporting Files";
			sourceTree = "<group>";
		};
		62A2A67321A9EE47007F821B /* Presentations */ = {
			isa = PBXGroup;
			children = (
				62A2A67621A9EE6E007F821B /* Extensions */,
				360703E221A1F7BA00B92E5C /* MoviePresentation.swift */,
				360703F521A1FB8600B92E5C /* MovieDetailPresentation.swift */,
			);
			path = Presentations;
			sourceTree = "<group>";
		};
		62A2A67621A9EE6E007F821B /* Extensions */ = {
			isa = PBXGroup;
			children = (
				62A2A67421A9EE5C007F821B /* MoviePresentation+API.swift */,
				62A2A67721A9EE7E007F821B /* MovieDetailPresentation+API.swift */,
			);
			path = Extensions;
			sourceTree = "<group>";
		};
/* End PBXGroup section */

/* Begin PBXNativeTarget section */
		3635F0202184FD3100D9215B /* MovieBoxMVC */ = {
			isa = PBXNativeTarget;
			buildConfigurationList = 3635F0332184FD3300D9215B /* Build configuration list for PBXNativeTarget "MovieBoxMVC" */;
			buildPhases = (
				3635F01D2184FD3100D9215B /* Sources */,
				3635F01E2184FD3100D9215B /* Frameworks */,
				3635F01F2184FD3100D9215B /* Resources */,
				3635F071218502AC00D9215B /* Embed Frameworks */,
				3635F072218502D700D9215B /* Copy Frameworks (Carthage) */,
			);
			buildRules = (
			);
			dependencies = (
				3635F070218502AC00D9215B /* PBXTargetDependency */,
				3670D54521A1E5CA00474AF7 /* PBXTargetDependency */,
			);
			name = MovieBoxMVC;
			productName = MovieBox;
			productReference = 3635F0212184FD3100D9215B /* MovieBoxMVC.app */;
			productType = "com.apple.product-type.application";
		};
		3670D55121A1E81600474AF7 /* MovieBoxMVCTests */ = {
			isa = PBXNativeTarget;
			buildConfigurationList = 3670D55921A1E81600474AF7 /* Build configuration list for PBXNativeTarget "MovieBoxMVCTests" */;
			buildPhases = (
				3670D54E21A1E81600474AF7 /* Sources */,
				3670D54F21A1E81600474AF7 /* Frameworks */,
				3670D55021A1E81600474AF7 /* Resources */,
			);
			buildRules = (
			);
			dependencies = (
				3670D55821A1E81600474AF7 /* PBXTargetDependency */,
			);
			name = MovieBoxMVCTests;
			productName = MovieBoxMVCTests;
			productReference = 3670D55221A1E81600474AF7 /* MovieBoxMVCTests.xctest */;
			productType = "com.apple.product-type.bundle.unit-test";
		};
		36C25D5421B2B7B300A30C1B /* MovieBoxVIPER */ = {
			isa = PBXNativeTarget;
			buildConfigurationList = 36C25D7521B2B7B400A30C1B /* Build configuration list for PBXNativeTarget "MovieBoxVIPER" */;
			buildPhases = (
				36C25D5121B2B7B300A30C1B /* Sources */,
				36C25D5221B2B7B300A30C1B /* Frameworks */,
				36C25D5321B2B7B300A30C1B /* Resources */,
				36C25D8621B2B91600A30C1B /* Embed Frameworks */,
				36C25D8721B2B95F00A30C1B /* Copy Frameworks (Carthage) */,
			);
			buildRules = (
			);
			dependencies = (
				36C25D8121B2B91600A30C1B /* PBXTargetDependency */,
				36C25D8521B2B91600A30C1B /* PBXTargetDependency */,
			);
			name = MovieBoxVIPER;
			productName = MovieBoxVIPER;
			productReference = 36C25D5521B2B7B300A30C1B /* MovieBoxVIPER.app */;
			productType = "com.apple.product-type.application";
		};
		36C25D6721B2B7B300A30C1B /* MovieBoxVIPERTests */ = {
			isa = PBXNativeTarget;
			buildConfigurationList = 36C25D7621B2B7B400A30C1B /* Build configuration list for PBXNativeTarget "MovieBoxVIPERTests" */;
			buildPhases = (
				36C25D6421B2B7B300A30C1B /* Sources */,
				36C25D6521B2B7B300A30C1B /* Frameworks */,
				36C25D6621B2B7B300A30C1B /* Resources */,
			);
			buildRules = (
			);
			dependencies = (
				36C25D6A21B2B7B400A30C1B /* PBXTargetDependency */,
			);
			name = MovieBoxVIPERTests;
			productName = MovieBoxVIPERTests;
			productReference = 36C25D6821B2B7B300A30C1B /* MovieBoxVIPERTests.xctest */;
			productType = "com.apple.product-type.bundle.unit-test";
		};
		62A2A60421A9C9E4007F821B /* MovieBoxMVVM */ = {
			isa = PBXNativeTarget;
			buildConfigurationList = 62A2A62521A9C9E5007F821B /* Build configuration list for PBXNativeTarget "MovieBoxMVVM" */;
			buildPhases = (
				62A2A60121A9C9E4007F821B /* Sources */,
				62A2A60221A9C9E4007F821B /* Frameworks */,
				62A2A60321A9C9E4007F821B /* Resources */,
				62A2A64721A9CCF7007F821B /* Embed Frameworks */,
				62A2A64921A9CD29007F821B /* Copy Frameworks (Carthage) */,
			);
			buildRules = (
			);
			dependencies = (
				62A2A64221A9CCF7007F821B /* PBXTargetDependency */,
				62A2A64621A9CCF7007F821B /* PBXTargetDependency */,
			);
			name = MovieBoxMVVM;
			productName = MovieBoxMVVM;
			productReference = 62A2A60521A9C9E4007F821B /* MovieBoxMVVM.app */;
			productType = "com.apple.product-type.application";
		};
		62A2A61721A9C9E5007F821B /* MovieBoxMVVMTests */ = {
			isa = PBXNativeTarget;
			buildConfigurationList = 62A2A62621A9C9E5007F821B /* Build configuration list for PBXNativeTarget "MovieBoxMVVMTests" */;
			buildPhases = (
				62A2A61421A9C9E5007F821B /* Sources */,
				62A2A61521A9C9E5007F821B /* Frameworks */,
				62A2A61621A9C9E5007F821B /* Resources */,
			);
			buildRules = (
			);
			dependencies = (
				62A2A61A21A9C9E5007F821B /* PBXTargetDependency */,
			);
			name = MovieBoxMVVMTests;
			productName = MovieBoxMVVMTests;
			productReference = 62A2A61821A9C9E5007F821B /* MovieBoxMVVMTests.xctest */;
			productType = "com.apple.product-type.bundle.unit-test";
		};
/* End PBXNativeTarget section */

/* Begin PBXProject section */
		3635F0192184FD3100D9215B /* Project object */ = {
			isa = PBXProject;
			attributes = {
				LastSwiftUpdateCheck = 1010;
				LastUpgradeCheck = 1000;
				ORGANIZATIONNAME = "Late Night Muhabbetleri";
				TargetAttributes = {
					3635F0202184FD3100D9215B = {
						CreatedOnToolsVersion = 10.0;
					};
					3670D55121A1E81600474AF7 = {
						CreatedOnToolsVersion = 10.1;
						TestTargetID = 3635F0202184FD3100D9215B;
					};
					36C25D5421B2B7B300A30C1B = {
						CreatedOnToolsVersion = 10.1;
					};
					36C25D6721B2B7B300A30C1B = {
						CreatedOnToolsVersion = 10.1;
						TestTargetID = 36C25D5421B2B7B300A30C1B;
					};
					62A2A60421A9C9E4007F821B = {
						CreatedOnToolsVersion = 10.1;
						LastSwiftMigration = 1150;
					};
					62A2A61721A9C9E5007F821B = {
						CreatedOnToolsVersion = 10.1;
						LastSwiftMigration = 1150;
						TestTargetID = 62A2A60421A9C9E4007F821B;
					};
				};
			};
			buildConfigurationList = 3635F01C2184FD3100D9215B /* Build configuration list for PBXProject "MovieBox" */;
			compatibilityVersion = "Xcode 9.3";
			developmentRegion = en;
			hasScannedForEncodings = 0;
			knownRegions = (
				en,
				Base,
			);
			mainGroup = 3635F0182184FD3100D9215B;
			productRefGroup = 3635F0222184FD3100D9215B /* Products */;
			projectDirPath = "";
			projectReferences = (
				{
					ProductGroup = 3635F05E2184FF1700D9215B /* Products */;
					ProjectRef = 3635F05D2184FF1700D9215B /* MovieBoxAPI.xcodeproj */;
				},
				{
					ProductGroup = 3670D53A21A1E5C300474AF7 /* Products */;
					ProjectRef = 3670D53921A1E5C300474AF7 /* Utility.xcodeproj */;
				},
			);
			projectRoot = "";
			targets = (
				3635F0202184FD3100D9215B /* MovieBoxMVC */,
				3670D55121A1E81600474AF7 /* MovieBoxMVCTests */,
				62A2A60421A9C9E4007F821B /* MovieBoxMVVM */,
				62A2A61721A9C9E5007F821B /* MovieBoxMVVMTests */,
				36C25D5421B2B7B300A30C1B /* MovieBoxVIPER */,
				36C25D6721B2B7B300A30C1B /* MovieBoxVIPERTests */,
			);
		};
/* End PBXProject section */

/* Begin PBXReferenceProxy section */
		3635F0632184FF1700D9215B /* MovieBoxAPI.framework */ = {
			isa = PBXReferenceProxy;
			fileType = wrapper.framework;
			path = MovieBoxAPI.framework;
			remoteRef = 3635F0622184FF1700D9215B /* PBXContainerItemProxy */;
			sourceTree = BUILT_PRODUCTS_DIR;
		};
		3635F0652184FF1700D9215B /* MovieBoxAPITests.xctest */ = {
			isa = PBXReferenceProxy;
			fileType = wrapper.cfbundle;
			path = MovieBoxAPITests.xctest;
			remoteRef = 3635F0642184FF1700D9215B /* PBXContainerItemProxy */;
			sourceTree = BUILT_PRODUCTS_DIR;
		};
		3670D53F21A1E5C300474AF7 /* Utility.framework */ = {
			isa = PBXReferenceProxy;
			fileType = wrapper.framework;
			path = Utility.framework;
			remoteRef = 3670D53E21A1E5C300474AF7 /* PBXContainerItemProxy */;
			sourceTree = BUILT_PRODUCTS_DIR;
		};
		3670D54121A1E5C300474AF7 /* UtilityTests.xctest */ = {
			isa = PBXReferenceProxy;
			fileType = wrapper.cfbundle;
			path = UtilityTests.xctest;
			remoteRef = 3670D54021A1E5C300474AF7 /* PBXContainerItemProxy */;
			sourceTree = BUILT_PRODUCTS_DIR;
		};
/* End PBXReferenceProxy section */

/* Begin PBXResourcesBuildPhase section */
		3635F01F2184FD3100D9215B /* Resources */ = {
			isa = PBXResourcesBuildPhase;
			buildActionMask = 2147483647;
			files = (
				360703F221A1FB5600B92E5C /* MovieDetail.storyboard in Resources */,
				360703DD21A1F4FA00B92E5C /* MovieList.storyboard in Resources */,
				3635F02F2184FD3300D9215B /* LaunchScreen.storyboard in Resources */,
				3635F02C2184FD3300D9215B /* Assets.xcassets in Resources */,
			);
			runOnlyForDeploymentPostprocessing = 0;
		};
		3670D55021A1E81600474AF7 /* Resources */ = {
			isa = PBXResourcesBuildPhase;
			buildActionMask = 2147483647;
			files = (
				3670D56521A1E88E00474AF7 /* movie3.json in Resources */,
				3670D56321A1E88D00474AF7 /* movie1.json in Resources */,
				3670D56421A1E88E00474AF7 /* movie2.json in Resources */,
			);
			runOnlyForDeploymentPostprocessing = 0;
		};
		36C25D5321B2B7B300A30C1B /* Resources */ = {
			isa = PBXResourcesBuildPhase;
			buildActionMask = 2147483647;
			files = (
				36C25DDF21B45DDA00A30C1B /* MovieDetail.storyboard in Resources */,
				36C25D9421B2BB0500A30C1B /* MovieList.storyboard in Resources */,
				36C25D6221B2B7B300A30C1B /* LaunchScreen.storyboard in Resources */,
				36C25D5F21B2B7B300A30C1B /* Assets.xcassets in Resources */,
			);
			runOnlyForDeploymentPostprocessing = 0;
		};
		36C25D6621B2B7B300A30C1B /* Resources */ = {
			isa = PBXResourcesBuildPhase;
			buildActionMask = 2147483647;
			files = (
				36C25D8F21B2BA3100A30C1B /* movie3.json in Resources */,
				36C25D8D21B2BA3100A30C1B /* movie1.json in Resources */,
				36C25D8E21B2BA3100A30C1B /* movie2.json in Resources */,
			);
			runOnlyForDeploymentPostprocessing = 0;
		};
		62A2A60321A9C9E4007F821B /* Resources */ = {
			isa = PBXResourcesBuildPhase;
			buildActionMask = 2147483647;
			files = (
				62D6773421B1EC3C005399DC /* MovieDetail.storyboard in Resources */,
				62A2A61221A9C9E5007F821B /* LaunchScreen.storyboard in Resources */,
				62A2A60F21A9C9E5007F821B /* Assets.xcassets in Resources */,
				62D6773821B1ED05005399DC /* MovieList.storyboard in Resources */,
			);
			runOnlyForDeploymentPostprocessing = 0;
		};
		62A2A61621A9C9E5007F821B /* Resources */ = {
			isa = PBXResourcesBuildPhase;
			buildActionMask = 2147483647;
			files = (
				62A2A64C21A9CD88007F821B /* movie3.json in Resources */,
				62A2A64A21A9CD88007F821B /* movie1.json in Resources */,
				62A2A64B21A9CD88007F821B /* movie2.json in Resources */,
			);
			runOnlyForDeploymentPostprocessing = 0;
		};
/* End PBXResourcesBuildPhase section */

/* Begin PBXShellScriptBuildPhase section */
		3635F072218502D700D9215B /* Copy Frameworks (Carthage) */ = {
			isa = PBXShellScriptBuildPhase;
			buildActionMask = 2147483647;
			files = (
			);
			inputFileListPaths = (
			);
			inputPaths = (
				"$(SRCROOT)/../Vendor/Carthage/Build/iOS/Alamofire.framework",
			);
			name = "Copy Frameworks (Carthage)";
			outputFileListPaths = (
			);
			outputPaths = (
				"$(BUILT_PRODUCTS_DIR)/$(FRAMEWORKS_FOLDER_PATH)/Alamofire.framework",
			);
			runOnlyForDeploymentPostprocessing = 0;
			shellPath = /bin/sh;
			shellScript = "/usr/local/bin/carthage copy-frameworks\n";
		};
		36C25D8721B2B95F00A30C1B /* Copy Frameworks (Carthage) */ = {
			isa = PBXShellScriptBuildPhase;
			buildActionMask = 2147483647;
			files = (
			);
			inputFileListPaths = (
			);
			inputPaths = (
				"$(SRCROOT)/../Vendor/Carthage/Build/iOS/Alamofire.framework",
			);
			name = "Copy Frameworks (Carthage)";
			outputFileListPaths = (
			);
			outputPaths = (
				"$(BUILT_PRODUCTS_DIR)/$(FRAMEWORKS_FOLDER_PATH)/Alamofire.framework",
			);
			runOnlyForDeploymentPostprocessing = 0;
			shellPath = /bin/sh;
			shellScript = "/usr/local/bin/carthage copy-frameworks\n";
		};
		62A2A64921A9CD29007F821B /* Copy Frameworks (Carthage) */ = {
			isa = PBXShellScriptBuildPhase;
			buildActionMask = 2147483647;
			files = (
			);
			inputFileListPaths = (
			);
			inputPaths = (
				"$(SRCROOT)/../Vendor/Carthage/Build/iOS/Alamofire.framework",
			);
			name = "Copy Frameworks (Carthage)";
			outputFileListPaths = (
			);
			outputPaths = (
				"$(BUILT_PRODUCTS_DIR)/$(FRAMEWORKS_FOLDER_PATH)/Alamofire.framework",
			);
			runOnlyForDeploymentPostprocessing = 0;
			shellPath = /bin/sh;
			shellScript = "/usr/local/bin/carthage copy-frameworks\n";
		};
/* End PBXShellScriptBuildPhase section */

/* Begin PBXSourcesBuildPhase section */
		3635F01D2184FD3100D9215B /* Sources */ = {
			isa = PBXSourcesBuildPhase;
			buildActionMask = 2147483647;
			files = (
				360703F621A1FB8600B92E5C /* MovieDetailPresentation.swift in Sources */,
				360703E321A1F7BA00B92E5C /* MoviePresentation.swift in Sources */,
				360703F321A1FB5600B92E5C /* MovieDetailContracts.swift in Sources */,
				360703DB21A1F44B00B92E5C /* MovieListContracts.swift in Sources */,
				3635F0252184FD3100D9215B /* AppDelegate.swift in Sources */,
				360703F421A1FB5600B92E5C /* MovieDetailViewController.swift in Sources */,
				62A2A67521A9EE5C007F821B /* MoviePresentation+API.swift in Sources */,
				360703F021A1FB5600B92E5C /* MovieDetailView.swift in Sources */,
				360703DF21A1F55B00B92E5C /* MovieListView.swift in Sources */,
				360703F121A1FB5600B92E5C /* MovieDetailBuilder.swift in Sources */,
				360703E921A1F96800B92E5C /* MovieListBuilder.swift in Sources */,
				360703E721A1F88E00B92E5C /* AppRouter.swift in Sources */,
				62A2A67821A9EE7E007F821B /* MovieDetailPresentation+API.swift in Sources */,
				360703E121A1F65300B92E5C /* MovieListViewController.swift in Sources */,
				360703E521A1F87800B92E5C /* AppContainer.swift in Sources */,
			);
			runOnlyForDeploymentPostprocessing = 0;
		};
		3670D54E21A1E81600474AF7 /* Sources */ = {
			isa = PBXSourcesBuildPhase;
			buildActionMask = 2147483647;
			files = (
				3670D56621A1E88E00474AF7 /* ResourceLoader.swift in Sources */,
				3670D55521A1E81600474AF7 /* MovieBoxMVCTests.swift in Sources */,
				6236A4E121AA091D00BA91F6 /* MockTopMoviesService.swift in Sources */,
			);
			runOnlyForDeploymentPostprocessing = 0;
		};
		36C25D5121B2B7B300A30C1B /* Sources */ = {
			isa = PBXSourcesBuildPhase;
			buildActionMask = 2147483647;
			files = (
				36C25D8A21B2BA2800A30C1B /* MoviePresentation.swift in Sources */,
				36C25DE021B45DDA00A30C1B /* MovieDetailContracts.swift in Sources */,
				36C25D9821B2BB5700A30C1B /* MovieListBuilder.swift in Sources */,
				36C25D7D21B2B83C00A30C1B /* AppRouter.swift in Sources */,
				36C25DE221B45DDA00A30C1B /* MovieDetailPresenter.swift in Sources */,
				36C25DE121B45DDA00A30C1B /* MovieDetailViewController.swift in Sources */,
				36C25DE421B45E0300A30C1B /* MovieListContracts.swift in Sources */,
				36C25DE821B45E1200A30C1B /* MovieListPresenter.swift in Sources */,
				36C25DE621B45E0C00A30C1B /* MovieListInteractor.swift in Sources */,
				36C25DEA21B45E2300A30C1B /* MovieListRouter.swift in Sources */,
				36C25D5821B2B7B300A30C1B /* AppDelegate.swift in Sources */,
				36C25D9621B2BB0F00A30C1B /* MovieListViewController.swift in Sources */,
				36C25DDE21B45DDA00A30C1B /* MovieDetailBuilder.swift in Sources */,
				36C25D8B21B2BA2800A30C1B /* MovieDetailPresentation.swift in Sources */,
				36C25D8921B2BA2800A30C1B /* MovieDetailPresentation+API.swift in Sources */,
				36C25D7B21B2B82C00A30C1B /* AppContainer.swift in Sources */,
				36C25D8821B2BA2800A30C1B /* MoviePresentation+API.swift in Sources */,
			);
			runOnlyForDeploymentPostprocessing = 0;
		};
		36C25D6421B2B7B300A30C1B /* Sources */ = {
			isa = PBXSourcesBuildPhase;
			buildActionMask = 2147483647;
			files = (
				36C25D8C21B2BA2D00A30C1B /* MockTopMoviesService.swift in Sources */,
				36C25D6D21B2B7B400A30C1B /* MovieBoxVIPERTests.swift in Sources */,
				36C25D9021B2BA3400A30C1B /* ResourceLoader.swift in Sources */,
			);
			runOnlyForDeploymentPostprocessing = 0;
		};
		62A2A60121A9C9E4007F821B /* Sources */ = {
			isa = PBXSourcesBuildPhase;
			buildActionMask = 2147483647;
			files = (
				62D6773121B1EC3C005399DC /* MovieDetailContracts.swift in Sources */,
				6236A4B921A9FFD100BA91F6 /* MoviePresentation.swift in Sources */,
				62A2A65521A9D13A007F821B /* AppRouter.swift in Sources */,
				62D6773C21B1F0F4005399DC /* MovieListViewModel.swift in Sources */,
				62D6773E21B1F6FF005399DC /* MovieListBuilder.swift in Sources */,
				62D6773721B1ED05005399DC /* MovieListViewController.swift in Sources */,
				62A2A60821A9C9E4007F821B /* AppDelegate.swift in Sources */,
				6236A4BA21A9FFD100BA91F6 /* MovieDetailPresentation.swift in Sources */,
				6236A4B821A9FFD100BA91F6 /* MovieDetailPresentation+API.swift in Sources */,
				62D6773221B1EC3C005399DC /* MovieDetailViewModel.swift in Sources */,
				62D6773021B1EC3C005399DC /* MovieDetailBuilder.swift in Sources */,
				62D6773A21B1EF5B005399DC /* MovieListContracts.swift in Sources */,
				62A2A65421A9D13A007F821B /* AppContainer.swift in Sources */,
				62D6773321B1EC3C005399DC /* MovieDetailViewController.swift in Sources */,
				6236A4B721A9FFD100BA91F6 /* MoviePresentation+API.swift in Sources */,
			);
			runOnlyForDeploymentPostprocessing = 0;
		};
		62A2A61421A9C9E5007F821B /* Sources */ = {
			isa = PBXSourcesBuildPhase;
			buildActionMask = 2147483647;
			files = (
				62A2A64D21A9CD88007F821B /* ResourceLoader.swift in Sources */,
				62A2A61D21A9C9E5007F821B /* MovieBoxMVVMTests.swift in Sources */,
				6236A4E221AA091D00BA91F6 /* MockTopMoviesService.swift in Sources */,
			);
			runOnlyForDeploymentPostprocessing = 0;
		};
/* End PBXSourcesBuildPhase section */

/* Begin PBXTargetDependency section */
		3635F070218502AC00D9215B /* PBXTargetDependency */ = {
			isa = PBXTargetDependency;
			name = MovieBoxAPI;
			targetProxy = 3635F06F218502AC00D9215B /* PBXContainerItemProxy */;
		};
		3670D54521A1E5CA00474AF7 /* PBXTargetDependency */ = {
			isa = PBXTargetDependency;
			name = Utility;
			targetProxy = 3670D54421A1E5CA00474AF7 /* PBXContainerItemProxy */;
		};
		3670D55821A1E81600474AF7 /* PBXTargetDependency */ = {
			isa = PBXTargetDependency;
			target = 3635F0202184FD3100D9215B /* MovieBoxMVC */;
			targetProxy = 3670D55721A1E81600474AF7 /* PBXContainerItemProxy */;
		};
		36C25D6A21B2B7B400A30C1B /* PBXTargetDependency */ = {
			isa = PBXTargetDependency;
			target = 36C25D5421B2B7B300A30C1B /* MovieBoxVIPER */;
			targetProxy = 36C25D6921B2B7B400A30C1B /* PBXContainerItemProxy */;
		};
		36C25D8121B2B91600A30C1B /* PBXTargetDependency */ = {
			isa = PBXTargetDependency;
			name = MovieBoxAPI;
			targetProxy = 36C25D8021B2B91600A30C1B /* PBXContainerItemProxy */;
		};
		36C25D8521B2B91600A30C1B /* PBXTargetDependency */ = {
			isa = PBXTargetDependency;
			name = Utility;
			targetProxy = 36C25D8421B2B91600A30C1B /* PBXContainerItemProxy */;
		};
		62A2A61A21A9C9E5007F821B /* PBXTargetDependency */ = {
			isa = PBXTargetDependency;
			target = 62A2A60421A9C9E4007F821B /* MovieBoxMVVM */;
			targetProxy = 62A2A61921A9C9E5007F821B /* PBXContainerItemProxy */;
		};
		62A2A64221A9CCF7007F821B /* PBXTargetDependency */ = {
			isa = PBXTargetDependency;
			name = MovieBoxAPI;
			targetProxy = 62A2A64121A9CCF7007F821B /* PBXContainerItemProxy */;
		};
		62A2A64621A9CCF7007F821B /* PBXTargetDependency */ = {
			isa = PBXTargetDependency;
			name = Utility;
			targetProxy = 62A2A64521A9CCF7007F821B /* PBXContainerItemProxy */;
		};
/* End PBXTargetDependency section */

/* Begin PBXVariantGroup section */
		3635F02D2184FD3300D9215B /* LaunchScreen.storyboard */ = {
			isa = PBXVariantGroup;
			children = (
				3635F02E2184FD3300D9215B /* Base */,
			);
			name = LaunchScreen.storyboard;
			sourceTree = "<group>";
		};
		36C25D6021B2B7B300A30C1B /* LaunchScreen.storyboard */ = {
			isa = PBXVariantGroup;
			children = (
				36C25D6121B2B7B300A30C1B /* Base */,
			);
			name = LaunchScreen.storyboard;
			sourceTree = "<group>";
		};
		62A2A61021A9C9E5007F821B /* LaunchScreen.storyboard */ = {
			isa = PBXVariantGroup;
			children = (
				62A2A61121A9C9E5007F821B /* Base */,
			);
			name = LaunchScreen.storyboard;
			sourceTree = "<group>";
		};
/* End PBXVariantGroup section */

/* Begin XCBuildConfiguration section */
		3635F0312184FD3300D9215B /* Debug */ = {
			isa = XCBuildConfiguration;
			buildSettings = {
				ALWAYS_SEARCH_USER_PATHS = NO;
				CLANG_ANALYZER_NONNULL = YES;
				CLANG_ANALYZER_NUMBER_OBJECT_CONVERSION = YES_AGGRESSIVE;
				CLANG_CXX_LANGUAGE_STANDARD = "gnu++14";
				CLANG_CXX_LIBRARY = "libc++";
				CLANG_ENABLE_MODULES = YES;
				CLANG_ENABLE_OBJC_ARC = YES;
				CLANG_ENABLE_OBJC_WEAK = YES;
				CLANG_WARN_BLOCK_CAPTURE_AUTORELEASING = YES;
				CLANG_WARN_BOOL_CONVERSION = YES;
				CLANG_WARN_COMMA = YES;
				CLANG_WARN_CONSTANT_CONVERSION = YES;
				CLANG_WARN_DEPRECATED_OBJC_IMPLEMENTATIONS = YES;
				CLANG_WARN_DIRECT_OBJC_ISA_USAGE = YES_ERROR;
				CLANG_WARN_DOCUMENTATION_COMMENTS = YES;
				CLANG_WARN_EMPTY_BODY = YES;
				CLANG_WARN_ENUM_CONVERSION = YES;
				CLANG_WARN_INFINITE_RECURSION = YES;
				CLANG_WARN_INT_CONVERSION = YES;
				CLANG_WARN_NON_LITERAL_NULL_CONVERSION = YES;
				CLANG_WARN_OBJC_IMPLICIT_RETAIN_SELF = YES;
				CLANG_WARN_OBJC_LITERAL_CONVERSION = YES;
				CLANG_WARN_OBJC_ROOT_CLASS = YES_ERROR;
				CLANG_WARN_RANGE_LOOP_ANALYSIS = YES;
				CLANG_WARN_STRICT_PROTOTYPES = YES;
				CLANG_WARN_SUSPICIOUS_MOVE = YES;
				CLANG_WARN_UNGUARDED_AVAILABILITY = YES_AGGRESSIVE;
				CLANG_WARN_UNREACHABLE_CODE = YES;
				CLANG_WARN__DUPLICATE_METHOD_MATCH = YES;
				CODE_SIGN_IDENTITY = "iPhone Developer";
				COPY_PHASE_STRIP = NO;
				DEBUG_INFORMATION_FORMAT = dwarf;
				ENABLE_STRICT_OBJC_MSGSEND = YES;
				ENABLE_TESTABILITY = YES;
				FRAMEWORK_SEARCH_PATHS = "$(SRCROOT)/../Vendor/Carthage/Build/iOS/";
				GCC_C_LANGUAGE_STANDARD = gnu11;
				GCC_DYNAMIC_NO_PIC = NO;
				GCC_NO_COMMON_BLOCKS = YES;
				GCC_OPTIMIZATION_LEVEL = 0;
				GCC_PREPROCESSOR_DEFINITIONS = (
					"DEBUG=1",
					"$(inherited)",
				);
				GCC_WARN_64_TO_32_BIT_CONVERSION = YES;
				GCC_WARN_ABOUT_RETURN_TYPE = YES_ERROR;
				GCC_WARN_UNDECLARED_SELECTOR = YES;
				GCC_WARN_UNINITIALIZED_AUTOS = YES_AGGRESSIVE;
				GCC_WARN_UNUSED_FUNCTION = YES;
				GCC_WARN_UNUSED_VARIABLE = YES;
				IPHONEOS_DEPLOYMENT_TARGET = 12.0;
				MTL_ENABLE_DEBUG_INFO = INCLUDE_SOURCE;
				MTL_FAST_MATH = YES;
				ONLY_ACTIVE_ARCH = YES;
				SDKROOT = iphoneos;
				SWIFT_ACTIVE_COMPILATION_CONDITIONS = DEBUG;
				SWIFT_OPTIMIZATION_LEVEL = "-Onone";
			};
			name = Debug;
		};
		3635F0322184FD3300D9215B /* Release */ = {
			isa = XCBuildConfiguration;
			buildSettings = {
				ALWAYS_SEARCH_USER_PATHS = NO;
				CLANG_ANALYZER_NONNULL = YES;
				CLANG_ANALYZER_NUMBER_OBJECT_CONVERSION = YES_AGGRESSIVE;
				CLANG_CXX_LANGUAGE_STANDARD = "gnu++14";
				CLANG_CXX_LIBRARY = "libc++";
				CLANG_ENABLE_MODULES = YES;
				CLANG_ENABLE_OBJC_ARC = YES;
				CLANG_ENABLE_OBJC_WEAK = YES;
				CLANG_WARN_BLOCK_CAPTURE_AUTORELEASING = YES;
				CLANG_WARN_BOOL_CONVERSION = YES;
				CLANG_WARN_COMMA = YES;
				CLANG_WARN_CONSTANT_CONVERSION = YES;
				CLANG_WARN_DEPRECATED_OBJC_IMPLEMENTATIONS = YES;
				CLANG_WARN_DIRECT_OBJC_ISA_USAGE = YES_ERROR;
				CLANG_WARN_DOCUMENTATION_COMMENTS = YES;
				CLANG_WARN_EMPTY_BODY = YES;
				CLANG_WARN_ENUM_CONVERSION = YES;
				CLANG_WARN_INFINITE_RECURSION = YES;
				CLANG_WARN_INT_CONVERSION = YES;
				CLANG_WARN_NON_LITERAL_NULL_CONVERSION = YES;
				CLANG_WARN_OBJC_IMPLICIT_RETAIN_SELF = YES;
				CLANG_WARN_OBJC_LITERAL_CONVERSION = YES;
				CLANG_WARN_OBJC_ROOT_CLASS = YES_ERROR;
				CLANG_WARN_RANGE_LOOP_ANALYSIS = YES;
				CLANG_WARN_STRICT_PROTOTYPES = YES;
				CLANG_WARN_SUSPICIOUS_MOVE = YES;
				CLANG_WARN_UNGUARDED_AVAILABILITY = YES_AGGRESSIVE;
				CLANG_WARN_UNREACHABLE_CODE = YES;
				CLANG_WARN__DUPLICATE_METHOD_MATCH = YES;
				CODE_SIGN_IDENTITY = "iPhone Developer";
				COPY_PHASE_STRIP = NO;
				DEBUG_INFORMATION_FORMAT = "dwarf-with-dsym";
				ENABLE_NS_ASSERTIONS = NO;
				ENABLE_STRICT_OBJC_MSGSEND = YES;
				FRAMEWORK_SEARCH_PATHS = "$(SRCROOT)/../Vendor/Carthage/Build/iOS/";
				GCC_C_LANGUAGE_STANDARD = gnu11;
				GCC_NO_COMMON_BLOCKS = YES;
				GCC_WARN_64_TO_32_BIT_CONVERSION = YES;
				GCC_WARN_ABOUT_RETURN_TYPE = YES_ERROR;
				GCC_WARN_UNDECLARED_SELECTOR = YES;
				GCC_WARN_UNINITIALIZED_AUTOS = YES_AGGRESSIVE;
				GCC_WARN_UNUSED_FUNCTION = YES;
				GCC_WARN_UNUSED_VARIABLE = YES;
				IPHONEOS_DEPLOYMENT_TARGET = 12.0;
				MTL_ENABLE_DEBUG_INFO = NO;
				MTL_FAST_MATH = YES;
				SDKROOT = iphoneos;
				SWIFT_COMPILATION_MODE = wholemodule;
				SWIFT_OPTIMIZATION_LEVEL = "-O";
				VALIDATE_PRODUCT = YES;
			};
			name = Release;
		};
		3635F0342184FD3300D9215B /* Debug */ = {
			isa = XCBuildConfiguration;
			buildSettings = {
				ALWAYS_EMBED_SWIFT_STANDARD_LIBRARIES = YES;
				ASSETCATALOG_COMPILER_APPICON_NAME = AppIcon;
				CODE_SIGN_STYLE = Automatic;
				DEVELOPMENT_TEAM = P8EBW8LF2M;
				INFOPLIST_FILE = "MovieBox/Supporting Files/Info.plist";
				LD_RUNPATH_SEARCH_PATHS = (
					"$(inherited)",
					"@executable_path/Frameworks",
				);
				PRODUCT_BUNDLE_IDENTIFIER = com.latenight.MovieBoxMVC;
				PRODUCT_NAME = "$(TARGET_NAME)";
				SWIFT_VERSION = 5.0;
				TARGETED_DEVICE_FAMILY = "1,2";
			};
			name = Debug;
		};
		3635F0352184FD3300D9215B /* Release */ = {
			isa = XCBuildConfiguration;
			buildSettings = {
				ALWAYS_EMBED_SWIFT_STANDARD_LIBRARIES = YES;
				ASSETCATALOG_COMPILER_APPICON_NAME = AppIcon;
				CODE_SIGN_STYLE = Automatic;
				DEVELOPMENT_TEAM = P8EBW8LF2M;
				INFOPLIST_FILE = "MovieBox/Supporting Files/Info.plist";
				LD_RUNPATH_SEARCH_PATHS = (
					"$(inherited)",
					"@executable_path/Frameworks",
				);
				PRODUCT_BUNDLE_IDENTIFIER = com.latenight.MovieBoxMVC;
				PRODUCT_NAME = "$(TARGET_NAME)";
				SWIFT_VERSION = 5.0;
				TARGETED_DEVICE_FAMILY = "1,2";
			};
			name = Release;
		};
		3670D55A21A1E81600474AF7 /* Debug */ = {
			isa = XCBuildConfiguration;
			buildSettings = {
				BUNDLE_LOADER = "$(TEST_HOST)";
				CODE_SIGN_STYLE = Automatic;
				DEVELOPMENT_TEAM = P8EBW8LF2M;
				INFOPLIST_FILE = MovieBoxMVCTests/Info.plist;
				IPHONEOS_DEPLOYMENT_TARGET = 12.1;
				LD_RUNPATH_SEARCH_PATHS = (
					"$(inherited)",
					"@executable_path/Frameworks",
					"@loader_path/Frameworks",
				);
				PRODUCT_BUNDLE_IDENTIFIER = com.latenight.MovieBoxMVCTests;
				PRODUCT_NAME = "$(TARGET_NAME)";
				SWIFT_VERSION = 5.0;
				TARGETED_DEVICE_FAMILY = "1,2";
				TEST_HOST = "$(BUILT_PRODUCTS_DIR)/MovieBoxMVC.app/MovieBoxMVC";
			};
			name = Debug;
		};
		3670D55B21A1E81600474AF7 /* Release */ = {
			isa = XCBuildConfiguration;
			buildSettings = {
				BUNDLE_LOADER = "$(TEST_HOST)";
				CODE_SIGN_STYLE = Automatic;
				DEVELOPMENT_TEAM = P8EBW8LF2M;
				INFOPLIST_FILE = MovieBoxMVCTests/Info.plist;
				IPHONEOS_DEPLOYMENT_TARGET = 12.1;
				LD_RUNPATH_SEARCH_PATHS = (
					"$(inherited)",
					"@executable_path/Frameworks",
					"@loader_path/Frameworks",
				);
				PRODUCT_BUNDLE_IDENTIFIER = com.latenight.MovieBoxMVCTests;
				PRODUCT_NAME = "$(TARGET_NAME)";
				SWIFT_VERSION = 5.0;
				TARGETED_DEVICE_FAMILY = "1,2";
				TEST_HOST = "$(BUILT_PRODUCTS_DIR)/MovieBoxMVC.app/MovieBoxMVC";
			};
			name = Release;
		};
		36C25D6F21B2B7B400A30C1B /* Debug */ = {
			isa = XCBuildConfiguration;
			buildSettings = {
				ALWAYS_EMBED_SWIFT_STANDARD_LIBRARIES = YES;
				ASSETCATALOG_COMPILER_APPICON_NAME = AppIcon;
				CODE_SIGN_STYLE = Automatic;
				DEVELOPMENT_TEAM = "";
				INFOPLIST_FILE = "$(SRCROOT)/MovieBoxVIPER/Supporting Files/Info.plist";
				IPHONEOS_DEPLOYMENT_TARGET = 12.1;
				LD_RUNPATH_SEARCH_PATHS = (
					"$(inherited)",
					"@executable_path/Frameworks",
				);
				PRODUCT_BUNDLE_IDENTIFIER = com.latenight.MovieBoxVIPER;
				PRODUCT_NAME = "$(TARGET_NAME)";
				SWIFT_VERSION = 5.0;
				TARGETED_DEVICE_FAMILY = "1,2";
			};
			name = Debug;
		};
		36C25D7021B2B7B400A30C1B /* Release */ = {
			isa = XCBuildConfiguration;
			buildSettings = {
				ALWAYS_EMBED_SWIFT_STANDARD_LIBRARIES = YES;
				ASSETCATALOG_COMPILER_APPICON_NAME = AppIcon;
				CODE_SIGN_STYLE = Automatic;
				DEVELOPMENT_TEAM = "";
				INFOPLIST_FILE = "$(SRCROOT)/MovieBoxVIPER/Supporting Files/Info.plist";
				IPHONEOS_DEPLOYMENT_TARGET = 12.1;
				LD_RUNPATH_SEARCH_PATHS = (
					"$(inherited)",
					"@executable_path/Frameworks",
				);
				PRODUCT_BUNDLE_IDENTIFIER = com.latenight.MovieBoxVIPER;
				PRODUCT_NAME = "$(TARGET_NAME)";
				SWIFT_VERSION = 5.0;
				TARGETED_DEVICE_FAMILY = "1,2";
			};
			name = Release;
		};
		36C25D7121B2B7B400A30C1B /* Debug */ = {
			isa = XCBuildConfiguration;
			buildSettings = {
				ALWAYS_EMBED_SWIFT_STANDARD_LIBRARIES = YES;
				BUNDLE_LOADER = "$(TEST_HOST)";
				CODE_SIGN_STYLE = Automatic;
				DEVELOPMENT_TEAM = P8EBW8LF2M;
				INFOPLIST_FILE = MovieBoxVIPERTests/Info.plist;
				IPHONEOS_DEPLOYMENT_TARGET = 12.1;
				LD_RUNPATH_SEARCH_PATHS = (
					"$(inherited)",
					"@executable_path/Frameworks",
					"@loader_path/Frameworks",
				);
				PRODUCT_BUNDLE_IDENTIFIER = com.latenight.MovieBoxVIPERTests;
				PRODUCT_NAME = "$(TARGET_NAME)";
				SWIFT_VERSION = 5.0;
				TARGETED_DEVICE_FAMILY = "1,2";
				TEST_HOST = "$(BUILT_PRODUCTS_DIR)/MovieBoxVIPER.app/MovieBoxVIPER";
			};
			name = Debug;
		};
		36C25D7221B2B7B400A30C1B /* Release */ = {
			isa = XCBuildConfiguration;
			buildSettings = {
				ALWAYS_EMBED_SWIFT_STANDARD_LIBRARIES = YES;
				BUNDLE_LOADER = "$(TEST_HOST)";
				CODE_SIGN_STYLE = Automatic;
				DEVELOPMENT_TEAM = P8EBW8LF2M;
				INFOPLIST_FILE = MovieBoxVIPERTests/Info.plist;
				IPHONEOS_DEPLOYMENT_TARGET = 12.1;
				LD_RUNPATH_SEARCH_PATHS = (
					"$(inherited)",
					"@executable_path/Frameworks",
					"@loader_path/Frameworks",
				);
				PRODUCT_BUNDLE_IDENTIFIER = com.latenight.MovieBoxVIPERTests;
				PRODUCT_NAME = "$(TARGET_NAME)";
				SWIFT_VERSION = 5.0;
				TARGETED_DEVICE_FAMILY = "1,2";
				TEST_HOST = "$(BUILT_PRODUCTS_DIR)/MovieBoxVIPER.app/MovieBoxVIPER";
			};
			name = Release;
		};
		62A2A61F21A9C9E5007F821B /* Debug */ = {
			isa = XCBuildConfiguration;
			buildSettings = {
				ALWAYS_EMBED_SWIFT_STANDARD_LIBRARIES = YES;
				ASSETCATALOG_COMPILER_APPICON_NAME = AppIcon;
				CODE_SIGN_STYLE = Automatic;
				INFOPLIST_FILE = "MovieBoxMVVM/Supporting Files/Info.plist";
				LD_RUNPATH_SEARCH_PATHS = (
					"$(inherited)",
					"@executable_path/Frameworks",
				);
				PRODUCT_BUNDLE_IDENTIFIER = com.latenight.MovieBoxMVVM;
				PRODUCT_NAME = "$(TARGET_NAME)";
				SWIFT_VERSION = 5.0;
				TARGETED_DEVICE_FAMILY = "1,2";
			};
			name = Debug;
		};
		62A2A62021A9C9E5007F821B /* Release */ = {
			isa = XCBuildConfiguration;
			buildSettings = {
				ALWAYS_EMBED_SWIFT_STANDARD_LIBRARIES = YES;
				ASSETCATALOG_COMPILER_APPICON_NAME = AppIcon;
				CODE_SIGN_STYLE = Automatic;
				INFOPLIST_FILE = "MovieBoxMVVM/Supporting Files/Info.plist";
				LD_RUNPATH_SEARCH_PATHS = (
					"$(inherited)",
					"@executable_path/Frameworks",
				);
				PRODUCT_BUNDLE_IDENTIFIER = com.latenight.MovieBoxMVVM;
				PRODUCT_NAME = "$(TARGET_NAME)";
				SWIFT_VERSION = 5.0;
				TARGETED_DEVICE_FAMILY = "1,2";
			};
			name = Release;
		};
		62A2A62121A9C9E5007F821B /* Debug */ = {
			isa = XCBuildConfiguration;
			buildSettings = {
				ALWAYS_EMBED_SWIFT_STANDARD_LIBRARIES = YES;
				BUNDLE_LOADER = "$(TEST_HOST)";
				CODE_SIGN_STYLE = Automatic;
				INFOPLIST_FILE = MovieBoxMVVMTests/Info.plist;
				IPHONEOS_DEPLOYMENT_TARGET = 12.1;
				LD_RUNPATH_SEARCH_PATHS = (
					"$(inherited)",
					"@executable_path/Frameworks",
					"@loader_path/Frameworks",
				);
				PRODUCT_BUNDLE_IDENTIFIER = com.latenight.MovieBoxMVVMTests;
				PRODUCT_NAME = "$(TARGET_NAME)";
				SWIFT_VERSION = 5.0;
				TARGETED_DEVICE_FAMILY = "1,2";
				TEST_HOST = "$(BUILT_PRODUCTS_DIR)/MovieBoxMVVM.app/MovieBoxMVVM";
			};
			name = Debug;
		};
		62A2A62221A9C9E5007F821B /* Release */ = {
			isa = XCBuildConfiguration;
			buildSettings = {
				ALWAYS_EMBED_SWIFT_STANDARD_LIBRARIES = YES;
				BUNDLE_LOADER = "$(TEST_HOST)";
				CODE_SIGN_STYLE = Automatic;
				INFOPLIST_FILE = MovieBoxMVVMTests/Info.plist;
				IPHONEOS_DEPLOYMENT_TARGET = 12.1;
				LD_RUNPATH_SEARCH_PATHS = (
					"$(inherited)",
					"@executable_path/Frameworks",
					"@loader_path/Frameworks",
				);
				PRODUCT_BUNDLE_IDENTIFIER = com.latenight.MovieBoxMVVMTests;
				PRODUCT_NAME = "$(TARGET_NAME)";
				SWIFT_VERSION = 5.0;
				TARGETED_DEVICE_FAMILY = "1,2";
				TEST_HOST = "$(BUILT_PRODUCTS_DIR)/MovieBoxMVVM.app/MovieBoxMVVM";
			};
			name = Release;
		};
/* End XCBuildConfiguration section */

/* Begin XCConfigurationList section */
		3635F01C2184FD3100D9215B /* Build configuration list for PBXProject "MovieBox" */ = {
			isa = XCConfigurationList;
			buildConfigurations = (
				3635F0312184FD3300D9215B /* Debug */,
				3635F0322184FD3300D9215B /* Release */,
			);
			defaultConfigurationIsVisible = 0;
			defaultConfigurationName = Release;
		};
		3635F0332184FD3300D9215B /* Build configuration list for PBXNativeTarget "MovieBoxMVC" */ = {
			isa = XCConfigurationList;
			buildConfigurations = (
				3635F0342184FD3300D9215B /* Debug */,
				3635F0352184FD3300D9215B /* Release */,
			);
			defaultConfigurationIsVisible = 0;
			defaultConfigurationName = Release;
		};
		3670D55921A1E81600474AF7 /* Build configuration list for PBXNativeTarget "MovieBoxMVCTests" */ = {
			isa = XCConfigurationList;
			buildConfigurations = (
				3670D55A21A1E81600474AF7 /* Debug */,
				3670D55B21A1E81600474AF7 /* Release */,
			);
			defaultConfigurationIsVisible = 0;
			defaultConfigurationName = Release;
		};
		36C25D7521B2B7B400A30C1B /* Build configuration list for PBXNativeTarget "MovieBoxVIPER" */ = {
			isa = XCConfigurationList;
			buildConfigurations = (
				36C25D6F21B2B7B400A30C1B /* Debug */,
				36C25D7021B2B7B400A30C1B /* Release */,
			);
			defaultConfigurationIsVisible = 0;
			defaultConfigurationName = Release;
		};
		36C25D7621B2B7B400A30C1B /* Build configuration list for PBXNativeTarget "MovieBoxVIPERTests" */ = {
			isa = XCConfigurationList;
			buildConfigurations = (
				36C25D7121B2B7B400A30C1B /* Debug */,
				36C25D7221B2B7B400A30C1B /* Release */,
			);
			defaultConfigurationIsVisible = 0;
			defaultConfigurationName = Release;
		};
		62A2A62521A9C9E5007F821B /* Build configuration list for PBXNativeTarget "MovieBoxMVVM" */ = {
			isa = XCConfigurationList;
			buildConfigurations = (
				62A2A61F21A9C9E5007F821B /* Debug */,
				62A2A62021A9C9E5007F821B /* Release */,
			);
			defaultConfigurationIsVisible = 0;
			defaultConfigurationName = Release;
		};
		62A2A62621A9C9E5007F821B /* Build configuration list for PBXNativeTarget "MovieBoxMVVMTests" */ = {
			isa = XCConfigurationList;
			buildConfigurations = (
				62A2A62121A9C9E5007F821B /* Debug */,
				62A2A62221A9C9E5007F821B /* Release */,
			);
			defaultConfigurationIsVisible = 0;
			defaultConfigurationName = Release;
		};
/* End XCConfigurationList section */
	};
	rootObject = 3635F0192184FD3100D9215B /* Project object */;
}
